// !$*UTF8*$!
{
	archiveVersion = 1;
	classes = {
	};
	objectVersion = 46;
	objects = {

/* Begin PBXBuildFile section */
		68DBEA891D591B4E00CFE948 /* Speech.framework in Frameworks */ = {isa = PBXBuildFile; fileRef = 68DBEA881D591B4E00CFE948 /* Speech.framework */; };
		68ED77411BC9FFA800248FCB /* SCSiriWaveformView.m in Sources */ = {isa = PBXBuildFile; fileRef = 68ED77401BC9FFA800248FCB /* SCSiriWaveformView.m */; };
		7ACC8F43810B79362560F9CE /* Pods_Voicepedia_VoicepediaUITests.framework in Frameworks */ = {isa = PBXBuildFile; fileRef = B2585FEE5FB1A12E87027468 /* Pods_Voicepedia_VoicepediaUITests.framework */; };
		805ACE16122BBB47F6AF2AED /* Pods_VoicepediaTests.framework in Frameworks */ = {isa = PBXBuildFile; fileRef = 04D8E3CECCC97507EEE7F981 /* Pods_VoicepediaTests.framework */; };
		AC1B01E41BC9A89200504FDE /* main.m in Sources */ = {isa = PBXBuildFile; fileRef = AC1B01E31BC9A89200504FDE /* main.m */; };
		AC1B01E71BC9A89200504FDE /* AppDelegate.m in Sources */ = {isa = PBXBuildFile; fileRef = AC1B01E61BC9A89200504FDE /* AppDelegate.m */; };
		AC1B01EA1BC9A89200504FDE /* ViewController.m in Sources */ = {isa = PBXBuildFile; fileRef = AC1B01E91BC9A89200504FDE /* ViewController.m */; };
		AC1B01ED1BC9A89200504FDE /* Main.storyboard in Resources */ = {isa = PBXBuildFile; fileRef = AC1B01EB1BC9A89200504FDE /* Main.storyboard */; };
		AC1B01EF1BC9A89200504FDE /* Assets.xcassets in Resources */ = {isa = PBXBuildFile; fileRef = AC1B01EE1BC9A89200504FDE /* Assets.xcassets */; };
		AC1B01F21BC9A89200504FDE /* LaunchScreen.storyboard in Resources */ = {isa = PBXBuildFile; fileRef = AC1B01F01BC9A89200504FDE /* LaunchScreen.storyboard */; };
		AC1B01FD1BC9A89200504FDE /* VoicepediaTests.m in Sources */ = {isa = PBXBuildFile; fileRef = AC1B01FC1BC9A89200504FDE /* VoicepediaTests.m */; };
		AC1B02081BC9A89200504FDE /* VoicepediaUITests.m in Sources */ = {isa = PBXBuildFile; fileRef = AC1B02071BC9A89200504FDE /* VoicepediaUITests.m */; };
		ACC80CFD1BC9B06400BA7229 /* AVFoundation.framework in Frameworks */ = {isa = PBXBuildFile; fileRef = ACC80CFC1BC9B06400BA7229 /* AVFoundation.framework */; };
		ACC80CFF1BC9B06B00BA7229 /* CoreGraphics.framework in Frameworks */ = {isa = PBXBuildFile; fileRef = ACC80CFE1BC9B06B00BA7229 /* CoreGraphics.framework */; };
		ACC80D011BC9B07000BA7229 /* QuartzCore.framework in Frameworks */ = {isa = PBXBuildFile; fileRef = ACC80D001BC9B07000BA7229 /* QuartzCore.framework */; };
		ACC80D031BC9B07700BA7229 /* SystemConfiguration.framework in Frameworks */ = {isa = PBXBuildFile; fileRef = ACC80D021BC9B07700BA7229 /* SystemConfiguration.framework */; };
		ACC80D051BC9B08B00BA7229 /* AudioToolbox.framework in Frameworks */ = {isa = PBXBuildFile; fileRef = ACC80D041BC9B08B00BA7229 /* AudioToolbox.framework */; };
		ACC80D081BC9B17900BA7229 /* GradientView.m in Sources */ = {isa = PBXBuildFile; fileRef = ACC80D071BC9B17900BA7229 /* GradientView.m */; };
		AFD17015BAF941B7B3D9B9DF /* Pods_Voicepedia.framework in Frameworks */ = {isa = PBXBuildFile; fileRef = F02B72C8C4E34CE41F16C28A /* Pods_Voicepedia.framework */; };
/* End PBXBuildFile section */

/* Begin PBXContainerItemProxy section */
		AC1B01F91BC9A89200504FDE /* PBXContainerItemProxy */ = {
			isa = PBXContainerItemProxy;
			containerPortal = AC1B01D71BC9A89200504FDE /* Project object */;
			proxyType = 1;
			remoteGlobalIDString = AC1B01DE1BC9A89200504FDE;
			remoteInfo = Voicepedia;
		};
		AC1B02041BC9A89200504FDE /* PBXContainerItemProxy */ = {
			isa = PBXContainerItemProxy;
			containerPortal = AC1B01D71BC9A89200504FDE /* Project object */;
			proxyType = 1;
			remoteGlobalIDString = AC1B01DE1BC9A89200504FDE;
			remoteInfo = Voicepedia;
		};
/* End PBXContainerItemProxy section */

/* Begin PBXCopyFilesBuildPhase section */
		681821F41BEFE2D000251199 /* Embed Watch Content */ = {
			isa = PBXCopyFilesBuildPhase;
			buildActionMask = 2147483647;
			dstPath = "$(CONTENTS_FOLDER_PATH)/Watch";
			dstSubfolderSpec = 16;
			files = (
			);
			name = "Embed Watch Content";
			runOnlyForDeploymentPostprocessing = 0;
		};
		681822171BEFE2FC00251199 /* Embed App Extensions */ = {
			isa = PBXCopyFilesBuildPhase;
			buildActionMask = 2147483647;
			dstPath = "";
			dstSubfolderSpec = 13;
			files = (
			);
			name = "Embed App Extensions";
			runOnlyForDeploymentPostprocessing = 0;
		};
/* End PBXCopyFilesBuildPhase section */

/* Begin PBXFileReference section */
		04D8E3CECCC97507EEE7F981 /* Pods_VoicepediaTests.framework */ = {isa = PBXFileReference; explicitFileType = wrapper.framework; includeInIndex = 0; path = Pods_VoicepediaTests.framework; sourceTree = BUILT_PRODUCTS_DIR; };
		08D9C587F99949409480B79D /* Pods-Voicepedia.release.xcconfig */ = {isa = PBXFileReference; includeInIndex = 1; lastKnownFileType = text.xcconfig; name = "Pods-Voicepedia.release.xcconfig"; path = "Target Support Files/Pods-Voicepedia/Pods-Voicepedia.release.xcconfig"; sourceTree = "<group>"; };
		68947C361D31662C006857D7 /* AVFoundation.framework */ = {isa = PBXFileReference; lastKnownFileType = wrapper.framework; name = AVFoundation.framework; path = Platforms/WatchOS.platform/Developer/SDKs/WatchOS3.0.sdk/System/Library/Frameworks/AVFoundation.framework; sourceTree = DEVELOPER_DIR; };
		68DBEA881D591B4E00CFE948 /* Speech.framework */ = {isa = PBXFileReference; lastKnownFileType = wrapper.framework; name = Speech.framework; path = System/Library/Frameworks/Speech.framework; sourceTree = SDKROOT; };
		68ED773F1BC9FFA800248FCB /* SCSiriWaveformView.h */ = {isa = PBXFileReference; fileEncoding = 4; lastKnownFileType = sourcecode.c.h; path = SCSiriWaveformView.h; sourceTree = "<group>"; };
		68ED77401BC9FFA800248FCB /* SCSiriWaveformView.m */ = {isa = PBXFileReference; fileEncoding = 4; lastKnownFileType = sourcecode.c.objc; path = SCSiriWaveformView.m; sourceTree = "<group>"; };
		AC1B01DF1BC9A89200504FDE /* Voicepedia.app */ = {isa = PBXFileReference; explicitFileType = wrapper.application; includeInIndex = 0; path = Voicepedia.app; sourceTree = BUILT_PRODUCTS_DIR; };
		AC1B01E31BC9A89200504FDE /* main.m */ = {isa = PBXFileReference; lastKnownFileType = sourcecode.c.objc; path = main.m; sourceTree = "<group>"; };
		AC1B01E51BC9A89200504FDE /* AppDelegate.h */ = {isa = PBXFileReference; lastKnownFileType = sourcecode.c.h; path = AppDelegate.h; sourceTree = "<group>"; };
		AC1B01E61BC9A89200504FDE /* AppDelegate.m */ = {isa = PBXFileReference; lastKnownFileType = sourcecode.c.objc; path = AppDelegate.m; sourceTree = "<group>"; };
		AC1B01E81BC9A89200504FDE /* ViewController.h */ = {isa = PBXFileReference; lastKnownFileType = sourcecode.c.h; path = ViewController.h; sourceTree = "<group>"; };
		AC1B01E91BC9A89200504FDE /* ViewController.m */ = {isa = PBXFileReference; lastKnownFileType = sourcecode.c.objc; path = ViewController.m; sourceTree = "<group>"; };
		AC1B01EC1BC9A89200504FDE /* Base */ = {isa = PBXFileReference; lastKnownFileType = file.storyboard; name = Base; path = Base.lproj/Main.storyboard; sourceTree = "<group>"; };
		AC1B01EE1BC9A89200504FDE /* Assets.xcassets */ = {isa = PBXFileReference; lastKnownFileType = folder.assetcatalog; path = Assets.xcassets; sourceTree = "<group>"; };
		AC1B01F11BC9A89200504FDE /* Base */ = {isa = PBXFileReference; lastKnownFileType = file.storyboard; name = Base; path = Base.lproj/LaunchScreen.storyboard; sourceTree = "<group>"; };
		AC1B01F31BC9A89200504FDE /* Info.plist */ = {isa = PBXFileReference; lastKnownFileType = text.plist.xml; path = Info.plist; sourceTree = "<group>"; };
		AC1B01F81BC9A89200504FDE /* VoicepediaTests.xctest */ = {isa = PBXFileReference; explicitFileType = wrapper.cfbundle; includeInIndex = 0; path = VoicepediaTests.xctest; sourceTree = BUILT_PRODUCTS_DIR; };
		AC1B01FC1BC9A89200504FDE /* VoicepediaTests.m */ = {isa = PBXFileReference; lastKnownFileType = sourcecode.c.objc; path = VoicepediaTests.m; sourceTree = "<group>"; };
		AC1B01FE1BC9A89200504FDE /* Info.plist */ = {isa = PBXFileReference; lastKnownFileType = text.plist.xml; path = Info.plist; sourceTree = "<group>"; };
		AC1B02031BC9A89200504FDE /* VoicepediaUITests.xctest */ = {isa = PBXFileReference; explicitFileType = wrapper.cfbundle; includeInIndex = 0; path = VoicepediaUITests.xctest; sourceTree = BUILT_PRODUCTS_DIR; };
		AC1B02071BC9A89200504FDE /* VoicepediaUITests.m */ = {isa = PBXFileReference; lastKnownFileType = sourcecode.c.objc; path = VoicepediaUITests.m; sourceTree = "<group>"; };
		AC1B02091BC9A89200504FDE /* Info.plist */ = {isa = PBXFileReference; lastKnownFileType = text.plist.xml; path = Info.plist; sourceTree = "<group>"; };
		ACC80CFC1BC9B06400BA7229 /* AVFoundation.framework */ = {isa = PBXFileReference; lastKnownFileType = wrapper.framework; name = AVFoundation.framework; path = System/Library/Frameworks/AVFoundation.framework; sourceTree = SDKROOT; };
		ACC80CFE1BC9B06B00BA7229 /* CoreGraphics.framework */ = {isa = PBXFileReference; lastKnownFileType = wrapper.framework; name = CoreGraphics.framework; path = System/Library/Frameworks/CoreGraphics.framework; sourceTree = SDKROOT; };
		ACC80D001BC9B07000BA7229 /* QuartzCore.framework */ = {isa = PBXFileReference; lastKnownFileType = wrapper.framework; name = QuartzCore.framework; path = System/Library/Frameworks/QuartzCore.framework; sourceTree = SDKROOT; };
		ACC80D021BC9B07700BA7229 /* SystemConfiguration.framework */ = {isa = PBXFileReference; lastKnownFileType = wrapper.framework; name = SystemConfiguration.framework; path = System/Library/Frameworks/SystemConfiguration.framework; sourceTree = SDKROOT; };
		ACC80D041BC9B08B00BA7229 /* AudioToolbox.framework */ = {isa = PBXFileReference; lastKnownFileType = wrapper.framework; name = AudioToolbox.framework; path = System/Library/Frameworks/AudioToolbox.framework; sourceTree = SDKROOT; };
		ACC80D061BC9B17900BA7229 /* GradientView.h */ = {isa = PBXFileReference; fileEncoding = 4; lastKnownFileType = sourcecode.c.h; path = GradientView.h; sourceTree = "<group>"; };
		ACC80D071BC9B17900BA7229 /* GradientView.m */ = {isa = PBXFileReference; fileEncoding = 4; lastKnownFileType = sourcecode.c.objc; path = GradientView.m; sourceTree = "<group>"; };
		B2585FEE5FB1A12E87027468 /* Pods_Voicepedia_VoicepediaUITests.framework */ = {isa = PBXFileReference; explicitFileType = wrapper.framework; includeInIndex = 0; path = Pods_Voicepedia_VoicepediaUITests.framework; sourceTree = BUILT_PRODUCTS_DIR; };
		B89E9F318785845027CE228C /* Pods-VoicepediaTests.release.xcconfig */ = {isa = PBXFileReference; includeInIndex = 1; lastKnownFileType = text.xcconfig; name = "Pods-VoicepediaTests.release.xcconfig"; path = "Target Support Files/Pods-VoicepediaTests/Pods-VoicepediaTests.release.xcconfig"; sourceTree = "<group>"; };
		C9CEDD74B770226DC70BADD2 /* Pods-Voicepedia-VoicepediaUITests.release.xcconfig */ = {isa = PBXFileReference; includeInIndex = 1; lastKnownFileType = text.xcconfig; name = "Pods-Voicepedia-VoicepediaUITests.release.xcconfig"; path = "Target Support Files/Pods-Voicepedia-VoicepediaUITests/Pods-Voicepedia-VoicepediaUITests.release.xcconfig"; sourceTree = "<group>"; };
		CF84FA94C733B0BC151F3258 /* Pods-VoicepediaTests.debug.xcconfig */ = {isa = PBXFileReference; includeInIndex = 1; lastKnownFileType = text.xcconfig; name = "Pods-VoicepediaTests.debug.xcconfig"; path = "Target Support Files/Pods-VoicepediaTests/Pods-VoicepediaTests.debug.xcconfig"; sourceTree = "<group>"; };
		DF64B24914B4DC8BED607BE7 /* Pods-Voicepedia-VoicepediaUITests.debug.xcconfig */ = {isa = PBXFileReference; includeInIndex = 1; lastKnownFileType = text.xcconfig; name = "Pods-Voicepedia-VoicepediaUITests.debug.xcconfig"; path = "Target Support Files/Pods-Voicepedia-VoicepediaUITests/Pods-Voicepedia-VoicepediaUITests.debug.xcconfig"; sourceTree = "<group>"; };
		F02B72C8C4E34CE41F16C28A /* Pods_Voicepedia.framework */ = {isa = PBXFileReference; explicitFileType = wrapper.framework; includeInIndex = 0; path = Pods_Voicepedia.framework; sourceTree = BUILT_PRODUCTS_DIR; };
		F2176C6EDADC7D1B5BB60B73 /* Pods-Voicepedia.debug.xcconfig */ = {isa = PBXFileReference; includeInIndex = 1; lastKnownFileType = text.xcconfig; name = "Pods-Voicepedia.debug.xcconfig"; path = "Target Support Files/Pods-Voicepedia/Pods-Voicepedia.debug.xcconfig"; sourceTree = "<group>"; };
/* End PBXFileReference section */

/* Begin PBXFrameworksBuildPhase section */
		AC1B01DC1BC9A89200504FDE /* Frameworks */ = {
			isa = PBXFrameworksBuildPhase;
			buildActionMask = 2147483647;
			files = (
				68DBEA891D591B4E00CFE948 /* Speech.framework in Frameworks */,
				ACC80D051BC9B08B00BA7229 /* AudioToolbox.framework in Frameworks */,
				ACC80D031BC9B07700BA7229 /* SystemConfiguration.framework in Frameworks */,
				ACC80D011BC9B07000BA7229 /* QuartzCore.framework in Frameworks */,
				ACC80CFF1BC9B06B00BA7229 /* CoreGraphics.framework in Frameworks */,
				ACC80CFD1BC9B06400BA7229 /* AVFoundation.framework in Frameworks */,
				AFD17015BAF941B7B3D9B9DF /* Pods_Voicepedia.framework in Frameworks */,
			);
			runOnlyForDeploymentPostprocessing = 0;
		};
		AC1B01F51BC9A89200504FDE /* Frameworks */ = {
			isa = PBXFrameworksBuildPhase;
			buildActionMask = 2147483647;
			files = (
				805ACE16122BBB47F6AF2AED /* Pods_VoicepediaTests.framework in Frameworks */,
			);
			runOnlyForDeploymentPostprocessing = 0;
		};
		AC1B02001BC9A89200504FDE /* Frameworks */ = {
			isa = PBXFrameworksBuildPhase;
			buildActionMask = 2147483647;
			files = (
				7ACC8F43810B79362560F9CE /* Pods_Voicepedia_VoicepediaUITests.framework in Frameworks */,
			);
			runOnlyForDeploymentPostprocessing = 0;
		};
/* End PBXFrameworksBuildPhase section */

/* Begin PBXGroup section */
		434D338B7D6ADA44A66E2A9C /* Pods */ = {
			isa = PBXGroup;
			children = (
				F2176C6EDADC7D1B5BB60B73 /* Pods-Voicepedia.debug.xcconfig */,
				08D9C587F99949409480B79D /* Pods-Voicepedia.release.xcconfig */,
				DF64B24914B4DC8BED607BE7 /* Pods-Voicepedia-VoicepediaUITests.debug.xcconfig */,
				C9CEDD74B770226DC70BADD2 /* Pods-Voicepedia-VoicepediaUITests.release.xcconfig */,
				CF84FA94C733B0BC151F3258 /* Pods-VoicepediaTests.debug.xcconfig */,
				B89E9F318785845027CE228C /* Pods-VoicepediaTests.release.xcconfig */,
			);
			path = Pods;
			sourceTree = "<group>";
		};
		68AC519E1BC9FBE800159581 /* Frameworks */ = {
			isa = PBXGroup;
			children = (
				68DBEA881D591B4E00CFE948 /* Speech.framework */,
				68947C361D31662C006857D7 /* AVFoundation.framework */,
				ACC80D041BC9B08B00BA7229 /* AudioToolbox.framework */,
				ACC80D021BC9B07700BA7229 /* SystemConfiguration.framework */,
				ACC80D001BC9B07000BA7229 /* QuartzCore.framework */,
				ACC80CFE1BC9B06B00BA7229 /* CoreGraphics.framework */,
				ACC80CFC1BC9B06400BA7229 /* AVFoundation.framework */,
				F02B72C8C4E34CE41F16C28A /* Pods_Voicepedia.framework */,
				B2585FEE5FB1A12E87027468 /* Pods_Voicepedia_VoicepediaUITests.framework */,
				04D8E3CECCC97507EEE7F981 /* Pods_VoicepediaTests.framework */,
			);
			name = Frameworks;
			sourceTree = "<group>";
		};
		AC1B01D61BC9A89200504FDE = {
			isa = PBXGroup;
			children = (
				AC1B01E11BC9A89200504FDE /* Voicepedia */,
				AC1B01FB1BC9A89200504FDE /* VoicepediaTests */,
				AC1B02061BC9A89200504FDE /* VoicepediaUITests */,
				AC1B01E01BC9A89200504FDE /* Products */,
				68AC519E1BC9FBE800159581 /* Frameworks */,
				434D338B7D6ADA44A66E2A9C /* Pods */,
			);
			sourceTree = "<group>";
		};
		AC1B01E01BC9A89200504FDE /* Products */ = {
			isa = PBXGroup;
			children = (
				AC1B01DF1BC9A89200504FDE /* Voicepedia.app */,
				AC1B01F81BC9A89200504FDE /* VoicepediaTests.xctest */,
				AC1B02031BC9A89200504FDE /* VoicepediaUITests.xctest */,
			);
			name = Products;
			sourceTree = "<group>";
		};
		AC1B01E11BC9A89200504FDE /* Voicepedia */ = {
			isa = PBXGroup;
			children = (
				AC1B01E51BC9A89200504FDE /* AppDelegate.h */,
				AC1B01E61BC9A89200504FDE /* AppDelegate.m */,
				68ED773F1BC9FFA800248FCB /* SCSiriWaveformView.h */,
				68ED77401BC9FFA800248FCB /* SCSiriWaveformView.m */,
				AC1B01E81BC9A89200504FDE /* ViewController.h */,
				AC1B01E91BC9A89200504FDE /* ViewController.m */,
				ACC80D061BC9B17900BA7229 /* GradientView.h */,
				ACC80D071BC9B17900BA7229 /* GradientView.m */,
				AC1B01EB1BC9A89200504FDE /* Main.storyboard */,
				AC1B01EE1BC9A89200504FDE /* Assets.xcassets */,
				AC1B01F01BC9A89200504FDE /* LaunchScreen.storyboard */,
				AC1B01F31BC9A89200504FDE /* Info.plist */,
				AC1B01E21BC9A89200504FDE /* Supporting Files */,
			);
			path = Voicepedia;
			sourceTree = "<group>";
		};
		AC1B01E21BC9A89200504FDE /* Supporting Files */ = {
			isa = PBXGroup;
			children = (
				AC1B01E31BC9A89200504FDE /* main.m */,
			);
			name = "Supporting Files";
			sourceTree = "<group>";
		};
		AC1B01FB1BC9A89200504FDE /* VoicepediaTests */ = {
			isa = PBXGroup;
			children = (
				AC1B01FC1BC9A89200504FDE /* VoicepediaTests.m */,
				AC1B01FE1BC9A89200504FDE /* Info.plist */,
			);
			path = VoicepediaTests;
			sourceTree = "<group>";
		};
		AC1B02061BC9A89200504FDE /* VoicepediaUITests */ = {
			isa = PBXGroup;
			children = (
				AC1B02071BC9A89200504FDE /* VoicepediaUITests.m */,
				AC1B02091BC9A89200504FDE /* Info.plist */,
			);
			path = VoicepediaUITests;
			sourceTree = "<group>";
		};
/* End PBXGroup section */

/* Begin PBXNativeTarget section */
		AC1B01DE1BC9A89200504FDE /* Voicepedia */ = {
			isa = PBXNativeTarget;
			buildConfigurationList = AC1B020C1BC9A89200504FDE /* Build configuration list for PBXNativeTarget "Voicepedia" */;
			buildPhases = (
				5A1FFE285FEAECC122A98C4B /* [CP] Check Pods Manifest.lock */,
				AC1B01DB1BC9A89200504FDE /* Sources */,
				AC1B01DC1BC9A89200504FDE /* Frameworks */,
				AC1B01DD1BC9A89200504FDE /* Resources */,
				681821F41BEFE2D000251199 /* Embed Watch Content */,
				681822171BEFE2FC00251199 /* Embed App Extensions */,
				CA7EE79C960458B3EFF6A605 /* [CP] Embed Pods Frameworks */,
			);
			buildRules = (
			);
			dependencies = (
			);
			name = Voicepedia;
			productName = Voicepedia;
			productReference = AC1B01DF1BC9A89200504FDE /* Voicepedia.app */;
			productType = "com.apple.product-type.application";
		};
		AC1B01F71BC9A89200504FDE /* VoicepediaTests */ = {
			isa = PBXNativeTarget;
			buildConfigurationList = AC1B020F1BC9A89200504FDE /* Build configuration list for PBXNativeTarget "VoicepediaTests" */;
			buildPhases = (
				E873EB50ACABC025DB210290 /* [CP] Check Pods Manifest.lock */,
				AC1B01F41BC9A89200504FDE /* Sources */,
				AC1B01F51BC9A89200504FDE /* Frameworks */,
				AC1B01F61BC9A89200504FDE /* Resources */,
			);
			buildRules = (
			);
			dependencies = (
				AC1B01FA1BC9A89200504FDE /* PBXTargetDependency */,
			);
			name = VoicepediaTests;
			productName = VoicepediaTests;
			productReference = AC1B01F81BC9A89200504FDE /* VoicepediaTests.xctest */;
			productType = "com.apple.product-type.bundle.unit-test";
		};
		AC1B02021BC9A89200504FDE /* VoicepediaUITests */ = {
			isa = PBXNativeTarget;
			buildConfigurationList = AC1B02121BC9A89200504FDE /* Build configuration list for PBXNativeTarget "VoicepediaUITests" */;
			buildPhases = (
				77BD6D6906C7E2421A8CAC0C /* [CP] Check Pods Manifest.lock */,
				AC1B01FF1BC9A89200504FDE /* Sources */,
				AC1B02001BC9A89200504FDE /* Frameworks */,
				AC1B02011BC9A89200504FDE /* Resources */,
				20092F78A393D67ED2508DA2 /* [CP] Embed Pods Frameworks */,
			);
			buildRules = (
			);
			dependencies = (
				AC1B02051BC9A89200504FDE /* PBXTargetDependency */,
			);
			name = VoicepediaUITests;
			productName = VoicepediaUITests;
			productReference = AC1B02031BC9A89200504FDE /* VoicepediaUITests.xctest */;
			productType = "com.apple.product-type.bundle.ui-testing";
		};
/* End PBXNativeTarget section */

/* Begin PBXProject section */
		AC1B01D71BC9A89200504FDE /* Project object */ = {
			isa = PBXProject;
			attributes = {
				LastUpgradeCheck = 0700;
				ORGANIZATIONNAME = "Michael Royzen";
				TargetAttributes = {
					AC1B01DE1BC9A89200504FDE = {
						CreatedOnToolsVersion = 7.0.1;
						DevelopmentTeam = 85Q84CPFAN;
						ProvisioningStyle = Automatic;
						SystemCapabilities = {
							com.apple.BackgroundModes = {
								enabled = 0;
							};
						};
					};
					AC1B01F71BC9A89200504FDE = {
						CreatedOnToolsVersion = 7.0.1;
						TestTargetID = AC1B01DE1BC9A89200504FDE;
					};
					AC1B02021BC9A89200504FDE = {
						CreatedOnToolsVersion = 7.0.1;
						TestTargetID = AC1B01DE1BC9A89200504FDE;
					};
				};
			};
			buildConfigurationList = AC1B01DA1BC9A89200504FDE /* Build configuration list for PBXProject "Voicepedia" */;
			compatibilityVersion = "Xcode 3.2";
			developmentRegion = English;
			hasScannedForEncodings = 0;
			knownRegions = (
				English,
				en,
				Base,
			);
			mainGroup = AC1B01D61BC9A89200504FDE;
			productRefGroup = AC1B01E01BC9A89200504FDE /* Products */;
			projectDirPath = "";
			projectRoot = "";
			targets = (
				AC1B01DE1BC9A89200504FDE /* Voicepedia */,
				AC1B01F71BC9A89200504FDE /* VoicepediaTests */,
				AC1B02021BC9A89200504FDE /* VoicepediaUITests */,
			);
		};
/* End PBXProject section */

/* Begin PBXResourcesBuildPhase section */
		AC1B01DD1BC9A89200504FDE /* Resources */ = {
			isa = PBXResourcesBuildPhase;
			buildActionMask = 2147483647;
			files = (
				AC1B01F21BC9A89200504FDE /* LaunchScreen.storyboard in Resources */,
				AC1B01EF1BC9A89200504FDE /* Assets.xcassets in Resources */,
				AC1B01ED1BC9A89200504FDE /* Main.storyboard in Resources */,
			);
			runOnlyForDeploymentPostprocessing = 0;
		};
		AC1B01F61BC9A89200504FDE /* Resources */ = {
			isa = PBXResourcesBuildPhase;
			buildActionMask = 2147483647;
			files = (
			);
			runOnlyForDeploymentPostprocessing = 0;
		};
		AC1B02011BC9A89200504FDE /* Resources */ = {
			isa = PBXResourcesBuildPhase;
			buildActionMask = 2147483647;
			files = (
			);
			runOnlyForDeploymentPostprocessing = 0;
		};
/* End PBXResourcesBuildPhase section */

/* Begin PBXShellScriptBuildPhase section */
		20092F78A393D67ED2508DA2 /* [CP] Embed Pods Frameworks */ = {
			isa = PBXShellScriptBuildPhase;
			buildActionMask = 2147483647;
			files = (
			);
			inputPaths = (
				"${PODS_ROOT}/Target Support Files/Pods-Voicepedia-VoicepediaUITests/Pods-Voicepedia-VoicepediaUITests-frameworks.sh",
				"${BUILT_PRODUCTS_DIR}/GoogleUtilities/GoogleUtilities.framework",
				"${BUILT_PRODUCTS_DIR}/PromisesObjC/FBLPromises.framework",
				"${BUILT_PRODUCTS_DIR}/nanopb/nanopb.framework",
			);
			name = "[CP] Embed Pods Frameworks";
			outputPaths = (
				"${TARGET_BUILD_DIR}/${FRAMEWORKS_FOLDER_PATH}/GoogleUtilities.framework",
				"${TARGET_BUILD_DIR}/${FRAMEWORKS_FOLDER_PATH}/FBLPromises.framework",
				"${TARGET_BUILD_DIR}/${FRAMEWORKS_FOLDER_PATH}/nanopb.framework",
			);
			runOnlyForDeploymentPostprocessing = 0;
			shellPath = /bin/sh;
			shellScript = "\"${PODS_ROOT}/Target Support Files/Pods-Voicepedia-VoicepediaUITests/Pods-Voicepedia-VoicepediaUITests-frameworks.sh\"\n";
			showEnvVarsInLog = 0;
		};
		5A1FFE285FEAECC122A98C4B /* [CP] Check Pods Manifest.lock */ = {
			isa = PBXShellScriptBuildPhase;
			buildActionMask = 2147483647;
			files = (
			);
			inputFileListPaths = (
			);
			inputPaths = (
				"${PODS_PODFILE_DIR_PATH}/Podfile.lock",
				"${PODS_ROOT}/Manifest.lock",
			);
			name = "[CP] Check Pods Manifest.lock";
			outputFileListPaths = (
			);
			outputPaths = (
				"$(DERIVED_FILE_DIR)/Pods-Voicepedia-checkManifestLockResult.txt",
			);
			runOnlyForDeploymentPostprocessing = 0;
			shellPath = /bin/sh;
			shellScript = "diff \"${PODS_PODFILE_DIR_PATH}/Podfile.lock\" \"${PODS_ROOT}/Manifest.lock\" > /dev/null\nif [ $? != 0 ] ; then\n    # print error to STDERR\n    echo \"error: The sandbox is not in sync with the Podfile.lock. Run 'pod install' or update your CocoaPods installation.\" >&2\n    exit 1\nfi\n# This output is used by Xcode 'outputs' to avoid re-running this script phase.\necho \"SUCCESS\" > \"${SCRIPT_OUTPUT_FILE_0}\"\n";
			showEnvVarsInLog = 0;
		};
		77BD6D6906C7E2421A8CAC0C /* [CP] Check Pods Manifest.lock */ = {
			isa = PBXShellScriptBuildPhase;
			buildActionMask = 2147483647;
			files = (
			);
			inputFileListPaths = (
			);
			inputPaths = (
				"${PODS_PODFILE_DIR_PATH}/Podfile.lock",
				"${PODS_ROOT}/Manifest.lock",
			);
			name = "[CP] Check Pods Manifest.lock";
			outputFileListPaths = (
			);
			outputPaths = (
				"$(DERIVED_FILE_DIR)/Pods-Voicepedia-VoicepediaUITests-checkManifestLockResult.txt",
			);
			runOnlyForDeploymentPostprocessing = 0;
			shellPath = /bin/sh;
			shellScript = "diff \"${PODS_PODFILE_DIR_PATH}/Podfile.lock\" \"${PODS_ROOT}/Manifest.lock\" > /dev/null\nif [ $? != 0 ] ; then\n    # print error to STDERR\n    echo \"error: The sandbox is not in sync with the Podfile.lock. Run 'pod install' or update your CocoaPods installation.\" >&2\n    exit 1\nfi\n# This output is used by Xcode 'outputs' to avoid re-running this script phase.\necho \"SUCCESS\" > \"${SCRIPT_OUTPUT_FILE_0}\"\n";
			showEnvVarsInLog = 0;
		};
		CA7EE79C960458B3EFF6A605 /* [CP] Embed Pods Frameworks */ = {
			isa = PBXShellScriptBuildPhase;
			buildActionMask = 2147483647;
			files = (
			);
			inputPaths = (
				"${PODS_ROOT}/Target Support Files/Pods-Voicepedia/Pods-Voicepedia-frameworks.sh",
				"${BUILT_PRODUCTS_DIR}/GoogleUtilities/GoogleUtilities.framework",
				"${BUILT_PRODUCTS_DIR}/PromisesObjC/FBLPromises.framework",
				"${BUILT_PRODUCTS_DIR}/nanopb/nanopb.framework",
			);
			name = "[CP] Embed Pods Frameworks";
			outputPaths = (
				"${TARGET_BUILD_DIR}/${FRAMEWORKS_FOLDER_PATH}/GoogleUtilities.framework",
				"${TARGET_BUILD_DIR}/${FRAMEWORKS_FOLDER_PATH}/FBLPromises.framework",
				"${TARGET_BUILD_DIR}/${FRAMEWORKS_FOLDER_PATH}/nanopb.framework",
			);
			runOnlyForDeploymentPostprocessing = 0;
			shellPath = /bin/sh;
			shellScript = "\"${PODS_ROOT}/Target Support Files/Pods-Voicepedia/Pods-Voicepedia-frameworks.sh\"\n";
			showEnvVarsInLog = 0;
		};
		E873EB50ACABC025DB210290 /* [CP] Check Pods Manifest.lock */ = {
			isa = PBXShellScriptBuildPhase;
			buildActionMask = 2147483647;
			files = (
			);
			inputFileListPaths = (
			);
			inputPaths = (
				"${PODS_PODFILE_DIR_PATH}/Podfile.lock",
				"${PODS_ROOT}/Manifest.lock",
			);
			name = "[CP] Check Pods Manifest.lock";
			outputFileListPaths = (
			);
			outputPaths = (
				"$(DERIVED_FILE_DIR)/Pods-VoicepediaTests-checkManifestLockResult.txt",
			);
			runOnlyForDeploymentPostprocessing = 0;
			shellPath = /bin/sh;
			shellScript = "diff \"${PODS_PODFILE_DIR_PATH}/Podfile.lock\" \"${PODS_ROOT}/Manifest.lock\" > /dev/null\nif [ $? != 0 ] ; then\n    # print error to STDERR\n    echo \"error: The sandbox is not in sync with the Podfile.lock. Run 'pod install' or update your CocoaPods installation.\" >&2\n    exit 1\nfi\n# This output is used by Xcode 'outputs' to avoid re-running this script phase.\necho \"SUCCESS\" > \"${SCRIPT_OUTPUT_FILE_0}\"\n";
			showEnvVarsInLog = 0;
		};
/* End PBXShellScriptBuildPhase section */

/* Begin PBXSourcesBuildPhase section */
		AC1B01DB1BC9A89200504FDE /* Sources */ = {
			isa = PBXSourcesBuildPhase;
			buildActionMask = 2147483647;
			files = (
				AC1B01EA1BC9A89200504FDE /* ViewController.m in Sources */,
				AC1B01E71BC9A89200504FDE /* AppDelegate.m in Sources */,
				ACC80D081BC9B17900BA7229 /* GradientView.m in Sources */,
				AC1B01E41BC9A89200504FDE /* main.m in Sources */,
				68ED77411BC9FFA800248FCB /* SCSiriWaveformView.m in Sources */,
			);
			runOnlyForDeploymentPostprocessing = 0;
		};
		AC1B01F41BC9A89200504FDE /* Sources */ = {
			isa = PBXSourcesBuildPhase;
			buildActionMask = 2147483647;
			files = (
				AC1B01FD1BC9A89200504FDE /* VoicepediaTests.m in Sources */,
			);
			runOnlyForDeploymentPostprocessing = 0;
		};
		AC1B01FF1BC9A89200504FDE /* Sources */ = {
			isa = PBXSourcesBuildPhase;
			buildActionMask = 2147483647;
			files = (
				AC1B02081BC9A89200504FDE /* VoicepediaUITests.m in Sources */,
			);
			runOnlyForDeploymentPostprocessing = 0;
		};
/* End PBXSourcesBuildPhase section */

/* Begin PBXTargetDependency section */
		AC1B01FA1BC9A89200504FDE /* PBXTargetDependency */ = {
			isa = PBXTargetDependency;
			target = AC1B01DE1BC9A89200504FDE /* Voicepedia */;
			targetProxy = AC1B01F91BC9A89200504FDE /* PBXContainerItemProxy */;
		};
		AC1B02051BC9A89200504FDE /* PBXTargetDependency */ = {
			isa = PBXTargetDependency;
			target = AC1B01DE1BC9A89200504FDE /* Voicepedia */;
			targetProxy = AC1B02041BC9A89200504FDE /* PBXContainerItemProxy */;
		};
/* End PBXTargetDependency section */

/* Begin PBXVariantGroup section */
		AC1B01EB1BC9A89200504FDE /* Main.storyboard */ = {
			isa = PBXVariantGroup;
			children = (
				AC1B01EC1BC9A89200504FDE /* Base */,
			);
			name = Main.storyboard;
			sourceTree = "<group>";
		};
		AC1B01F01BC9A89200504FDE /* LaunchScreen.storyboard */ = {
			isa = PBXVariantGroup;
			children = (
				AC1B01F11BC9A89200504FDE /* Base */,
			);
			name = LaunchScreen.storyboard;
			sourceTree = "<group>";
		};
/* End PBXVariantGroup section */

/* Begin XCBuildConfiguration section */
		AC1B020A1BC9A89200504FDE /* Debug */ = {
			isa = XCBuildConfiguration;
			buildSettings = {
				ALWAYS_SEARCH_USER_PATHS = NO;
				CLANG_CXX_LANGUAGE_STANDARD = "gnu++0x";
				CLANG_CXX_LIBRARY = "libc++";
				CLANG_ENABLE_MODULES = YES;
				CLANG_ENABLE_OBJC_ARC = YES;
				CLANG_WARN_BOOL_CONVERSION = YES;
				CLANG_WARN_CONSTANT_CONVERSION = YES;
				CLANG_WARN_DIRECT_OBJC_ISA_USAGE = YES_ERROR;
				CLANG_WARN_EMPTY_BODY = YES;
				CLANG_WARN_ENUM_CONVERSION = YES;
				CLANG_WARN_INT_CONVERSION = YES;
				CLANG_WARN_OBJC_ROOT_CLASS = YES_ERROR;
				CLANG_WARN_UNREACHABLE_CODE = YES;
				CLANG_WARN__DUPLICATE_METHOD_MATCH = YES;
				"CODE_SIGN_IDENTITY[sdk=iphoneos*]" = "iPhone Developer";
				COPY_PHASE_STRIP = NO;
				DEBUG_INFORMATION_FORMAT = dwarf;
				ENABLE_STRICT_OBJC_MSGSEND = YES;
				ENABLE_TESTABILITY = YES;
				GCC_C_LANGUAGE_STANDARD = gnu99;
				GCC_DYNAMIC_NO_PIC = NO;
				GCC_NO_COMMON_BLOCKS = YES;
				GCC_OPTIMIZATION_LEVEL = 0;
				GCC_PREPROCESSOR_DEFINITIONS = (
					"DEBUG=1",
					"$(inherited)",
				);
				GCC_WARN_64_TO_32_BIT_CONVERSION = YES;
				GCC_WARN_ABOUT_RETURN_TYPE = YES_ERROR;
				GCC_WARN_UNDECLARED_SELECTOR = YES;
				GCC_WARN_UNINITIALIZED_AUTOS = YES_AGGRESSIVE;
				GCC_WARN_UNUSED_FUNCTION = YES;
				GCC_WARN_UNUSED_VARIABLE = YES;
				IPHONEOS_DEPLOYMENT_TARGET = 9.0;
				MTL_ENABLE_DEBUG_INFO = YES;
				ONLY_ACTIVE_ARCH = YES;
				SDKROOT = iphoneos;
			};
			name = Debug;
		};
		AC1B020B1BC9A89200504FDE /* Release */ = {
			isa = XCBuildConfiguration;
			buildSettings = {
				ALWAYS_SEARCH_USER_PATHS = NO;
				CLANG_CXX_LANGUAGE_STANDARD = "gnu++0x";
				CLANG_CXX_LIBRARY = "libc++";
				CLANG_ENABLE_MODULES = YES;
				CLANG_ENABLE_OBJC_ARC = YES;
				CLANG_WARN_BOOL_CONVERSION = YES;
				CLANG_WARN_CONSTANT_CONVERSION = YES;
				CLANG_WARN_DIRECT_OBJC_ISA_USAGE = YES_ERROR;
				CLANG_WARN_EMPTY_BODY = YES;
				CLANG_WARN_ENUM_CONVERSION = YES;
				CLANG_WARN_INT_CONVERSION = YES;
				CLANG_WARN_OBJC_ROOT_CLASS = YES_ERROR;
				CLANG_WARN_UNREACHABLE_CODE = YES;
				CLANG_WARN__DUPLICATE_METHOD_MATCH = YES;
				"CODE_SIGN_IDENTITY[sdk=iphoneos*]" = "iPhone Developer";
				COPY_PHASE_STRIP = NO;
				DEBUG_INFORMATION_FORMAT = "dwarf-with-dsym";
				ENABLE_NS_ASSERTIONS = NO;
				ENABLE_STRICT_OBJC_MSGSEND = YES;
				GCC_C_LANGUAGE_STANDARD = gnu99;
				GCC_NO_COMMON_BLOCKS = YES;
				GCC_WARN_64_TO_32_BIT_CONVERSION = YES;
				GCC_WARN_ABOUT_RETURN_TYPE = YES_ERROR;
				GCC_WARN_UNDECLARED_SELECTOR = YES;
				GCC_WARN_UNINITIALIZED_AUTOS = YES_AGGRESSIVE;
				GCC_WARN_UNUSED_FUNCTION = YES;
				GCC_WARN_UNUSED_VARIABLE = YES;
				IPHONEOS_DEPLOYMENT_TARGET = 9.0;
				MTL_ENABLE_DEBUG_INFO = NO;
				SDKROOT = iphoneos;
				VALIDATE_PRODUCT = YES;
			};
			name = Release;
		};
		AC1B020D1BC9A89200504FDE /* Debug */ = {
			isa = XCBuildConfiguration;
			baseConfigurationReference = F2176C6EDADC7D1B5BB60B73 /* Pods-Voicepedia.debug.xcconfig */;
			buildSettings = {
				ASSETCATALOG_COMPILER_APPICON_NAME = AppIcon;
				ASSETCATALOG_COMPILER_LAUNCHIMAGE_NAME = LaunchImage;
				CODE_SIGN_IDENTITY = "iPhone Developer";
				"CODE_SIGN_IDENTITY[sdk=iphoneos*]" = "iPhone Developer";
				DEVELOPMENT_TEAM = 85Q84CPFAN;
				ENABLE_BITCODE = NO;
				FRAMEWORK_SEARCH_PATHS = (
					"$(inherited)",
					"$(PROJECT_DIR)",
				);
				INFOPLIST_FILE = Voicepedia/Info.plist;
				IPHONEOS_DEPLOYMENT_TARGET = 10.0;
				LD_RUNPATH_SEARCH_PATHS = "$(inherited) @executable_path/Frameworks";
				PRODUCT_BUNDLE_IDENTIFIER = me.dejajackson.Voicepedia;
				PRODUCT_NAME = "$(TARGET_NAME)";
				PROVISIONING_PROFILE = "";
				TARGETED_DEVICE_FAMILY = 1;
			};
			name = Debug;
		};
		AC1B020E1BC9A89200504FDE /* Release */ = {
			isa = XCBuildConfiguration;
			baseConfigurationReference = 08D9C587F99949409480B79D /* Pods-Voicepedia.release.xcconfig */;
			buildSettings = {
				ASSETCATALOG_COMPILER_APPICON_NAME = AppIcon;
				ASSETCATALOG_COMPILER_LAUNCHIMAGE_NAME = LaunchImage;
				CODE_SIGN_IDENTITY = "iPhone Developer";
				"CODE_SIGN_IDENTITY[sdk=iphoneos*]" = "iPhone Developer";
				DEVELOPMENT_TEAM = 85Q84CPFAN;
				ENABLE_BITCODE = NO;
				FRAMEWORK_SEARCH_PATHS = (
					"$(inherited)",
					"$(PROJECT_DIR)",
				);
				INFOPLIST_FILE = Voicepedia/Info.plist;
				IPHONEOS_DEPLOYMENT_TARGET = 10.0;
				LD_RUNPATH_SEARCH_PATHS = "$(inherited) @executable_path/Frameworks";
				PRODUCT_BUNDLE_IDENTIFIER = me.dejajackson.Voicepedia;
				PRODUCT_NAME = "$(TARGET_NAME)";
				PROVISIONING_PROFILE = "";
				TARGETED_DEVICE_FAMILY = 1;
			};
			name = Release;
		};
		AC1B02101BC9A89200504FDE /* Debug */ = {
			isa = XCBuildConfiguration;
			baseConfigurationReference = CF84FA94C733B0BC151F3258 /* Pods-VoicepediaTests.debug.xcconfig */;
			buildSettings = {
				BUNDLE_LOADER = "$(TEST_HOST)";
				INFOPLIST_FILE = VoicepediaTests/Info.plist;
				LD_RUNPATH_SEARCH_PATHS = "$(inherited) @executable_path/Frameworks @loader_path/Frameworks";
				PRODUCT_BUNDLE_IDENTIFIER = "Mlab-Technologies.VoicepediaTests";
				PRODUCT_NAME = "$(TARGET_NAME)";
				TEST_HOST = "$(BUILT_PRODUCTS_DIR)/Voicepedia.app/Voicepedia";
			};
			name = Debug;
		};
		AC1B02111BC9A89200504FDE /* Release */ = {
			isa = XCBuildConfiguration;
			baseConfigurationReference = B89E9F318785845027CE228C /* Pods-VoicepediaTests.release.xcconfig */;
			buildSettings = {
				BUNDLE_LOADER = "$(TEST_HOST)";
				INFOPLIST_FILE = VoicepediaTests/Info.plist;
				LD_RUNPATH_SEARCH_PATHS = "$(inherited) @executable_path/Frameworks @loader_path/Frameworks";
				PRODUCT_BUNDLE_IDENTIFIER = "Mlab-Technologies.VoicepediaTests";
				PRODUCT_NAME = "$(TARGET_NAME)";
				TEST_HOST = "$(BUILT_PRODUCTS_DIR)/Voicepedia.app/Voicepedia";
			};
			name = Release;
		};
		AC1B02131BC9A89200504FDE /* Debug */ = {
			isa = XCBuildConfiguration;
			baseConfigurationReference = DF64B24914B4DC8BED607BE7 /* Pods-Voicepedia-VoicepediaUITests.debug.xcconfig */;
			buildSettings = {
				INFOPLIST_FILE = VoicepediaUITests/Info.plist;
				LD_RUNPATH_SEARCH_PATHS = "$(inherited) @executable_path/Frameworks @loader_path/Frameworks";
				PRODUCT_BUNDLE_IDENTIFIER = "Mlab-Technologies.VoicepediaUITests";
				PRODUCT_NAME = "$(TARGET_NAME)";
				TEST_TARGET_NAME = Voicepedia;
				USES_XCTRUNNER = YES;
			};
			name = Debug;
		};
		AC1B02141BC9A89200504FDE /* Release */ = {
			isa = XCBuildConfiguration;
			baseConfigurationReference = C9CEDD74B770226DC70BADD2 /* Pods-Voicepedia-VoicepediaUITests.release.xcconfig */;
			buildSettings = {
				INFOPLIST_FILE = VoicepediaUITests/Info.plist;
				LD_RUNPATH_SEARCH_PATHS = "$(inherited) @executable_path/Frameworks @loader_path/Frameworks";
				PRODUCT_BUNDLE_IDENTIFIER = "Mlab-Technologies.VoicepediaUITests";
				PRODUCT_NAME = "$(TARGET_NAME)";
				TEST_TARGET_NAME = Voicepedia;
				USES_XCTRUNNER = YES;
			};
			name = Release;
		};
/* End XCBuildConfiguration section */

/* Begin XCConfigurationList section */
		AC1B01DA1BC9A89200504FDE /* Build configuration list for PBXProject "Voicepedia" */ = {
			isa = XCConfigurationList;
			buildConfigurations = (
				AC1B020A1BC9A89200504FDE /* Debug */,
				AC1B020B1BC9A89200504FDE /* Release */,
			);
			defaultConfigurationIsVisible = 0;
			defaultConfigurationName = Release;
		};
		AC1B020C1BC9A89200504FDE /* Build configuration list for PBXNativeTarget "Voicepedia" */ = {
			isa = XCConfigurationList;
			buildConfigurations = (
				AC1B020D1BC9A89200504FDE /* Debug */,
				AC1B020E1BC9A89200504FDE /* Release */,
			);
			defaultConfigurationIsVisible = 0;
			defaultConfigurationName = Release;
		};
		AC1B020F1BC9A89200504FDE /* Build configuration list for PBXNativeTarget "VoicepediaTests" */ = {
			isa = XCConfigurationList;
			buildConfigurations = (
				AC1B02101BC9A89200504FDE /* Debug */,
				AC1B02111BC9A89200504FDE /* Release */,
			);
			defaultConfigurationIsVisible = 0;
			defaultConfigurationName = Release;
		};
		AC1B02121BC9A89200504FDE /* Build configuration list for PBXNativeTarget "VoicepediaUITests" */ = {
			isa = XCConfigurationList;
			buildConfigurations = (
				AC1B02131BC9A89200504FDE /* Debug */,
				AC1B02141BC9A89200504FDE /* Release */,
			);
			defaultConfigurationIsVisible = 0;
			defaultConfigurationName = Release;
		};
/* End XCConfigurationList section */
	};
	rootObject = AC1B01D71BC9A89200504FDE /* Project object */;
}
