// !$*UTF8*$!
{
	archiveVersion = 1;
	classes = {
	};
	objectVersion = 46;
	objects = {

/* Begin PBXBuildFile section */
		68947C111D3165F3006857D7 /* Interface.storyboard in Resources */ = {isa = PBXBuildFile; fileRef = 68947C0F1D3165F3006857D7 /* Interface.storyboard */; };
		68947C131D3165F3006857D7 /* Assets.xcassets in Resources */ = {isa = PBXBuildFile; fileRef = 68947C121D3165F3006857D7 /* Assets.xcassets */; };
		68947C1A1D3165F3006857D7 /* VoiceWatch Extension.appex in Embed App Extensions */ = {isa = PBXBuildFile; fileRef = 68947C191D3165F3006857D7 /* VoiceWatch Extension.appex */; settings = {ATTRIBUTES = (RemoveHeadersOnCopy, ); }; };
		68947C221D3165F3006857D7 /* InterfaceController.m in Sources */ = {isa = PBXBuildFile; fileRef = 68947C211D3165F3006857D7 /* InterfaceController.m */; };
		68947C251D3165F3006857D7 /* ExtensionDelegate.m in Sources */ = {isa = PBXBuildFile; fileRef = 68947C241D3165F3006857D7 /* ExtensionDelegate.m */; };
		68947C281D3165F3006857D7 /* NotificationController.m in Sources */ = {isa = PBXBuildFile; fileRef = 68947C271D3165F3006857D7 /* NotificationController.m */; };
		68947C2A1D3165F3006857D7 /* Assets.xcassets in Resources */ = {isa = PBXBuildFile; fileRef = 68947C291D3165F3006857D7 /* Assets.xcassets */; };
		68947C2E1D3165F3006857D7 /* VoiceWatch.app in Embed Watch Content */ = {isa = PBXBuildFile; fileRef = 68947C0D1D3165F2006857D7 /* VoiceWatch.app */; };
		68947C371D31662C006857D7 /* AVFoundation.framework in Frameworks */ = {isa = PBXBuildFile; fileRef = 68947C361D31662C006857D7 /* AVFoundation.framework */; };
		68AC51A01BC9FD6F00159581 /* SpeechKit.framework in Frameworks */ = {isa = PBXBuildFile; fileRef = 68AC519F1BC9FD6F00159581 /* SpeechKit.framework */; };
		68ED77411BC9FFA800248FCB /* SCSiriWaveformView.m in Sources */ = {isa = PBXBuildFile; fileRef = 68ED77401BC9FFA800248FCB /* SCSiriWaveformView.m */; };
		AC1B01E41BC9A89200504FDE /* main.m in Sources */ = {isa = PBXBuildFile; fileRef = AC1B01E31BC9A89200504FDE /* main.m */; };
		AC1B01E71BC9A89200504FDE /* AppDelegate.m in Sources */ = {isa = PBXBuildFile; fileRef = AC1B01E61BC9A89200504FDE /* AppDelegate.m */; };
		AC1B01EA1BC9A89200504FDE /* ViewController.m in Sources */ = {isa = PBXBuildFile; fileRef = AC1B01E91BC9A89200504FDE /* ViewController.m */; };
		AC1B01ED1BC9A89200504FDE /* Main.storyboard in Resources */ = {isa = PBXBuildFile; fileRef = AC1B01EB1BC9A89200504FDE /* Main.storyboard */; };
		AC1B01EF1BC9A89200504FDE /* Assets.xcassets in Resources */ = {isa = PBXBuildFile; fileRef = AC1B01EE1BC9A89200504FDE /* Assets.xcassets */; };
		AC1B01F21BC9A89200504FDE /* LaunchScreen.storyboard in Resources */ = {isa = PBXBuildFile; fileRef = AC1B01F01BC9A89200504FDE /* LaunchScreen.storyboard */; };
		AC1B01FD1BC9A89200504FDE /* VoicepediaTests.m in Sources */ = {isa = PBXBuildFile; fileRef = AC1B01FC1BC9A89200504FDE /* VoicepediaTests.m */; };
		AC1B02081BC9A89200504FDE /* VoicepediaUITests.m in Sources */ = {isa = PBXBuildFile; fileRef = AC1B02071BC9A89200504FDE /* VoicepediaUITests.m */; };
		ACC80CFD1BC9B06400BA7229 /* AVFoundation.framework in Frameworks */ = {isa = PBXBuildFile; fileRef = ACC80CFC1BC9B06400BA7229 /* AVFoundation.framework */; };
		ACC80CFF1BC9B06B00BA7229 /* CoreGraphics.framework in Frameworks */ = {isa = PBXBuildFile; fileRef = ACC80CFE1BC9B06B00BA7229 /* CoreGraphics.framework */; };
		ACC80D011BC9B07000BA7229 /* QuartzCore.framework in Frameworks */ = {isa = PBXBuildFile; fileRef = ACC80D001BC9B07000BA7229 /* QuartzCore.framework */; };
		ACC80D031BC9B07700BA7229 /* SystemConfiguration.framework in Frameworks */ = {isa = PBXBuildFile; fileRef = ACC80D021BC9B07700BA7229 /* SystemConfiguration.framework */; };
		ACC80D051BC9B08B00BA7229 /* AudioToolbox.framework in Frameworks */ = {isa = PBXBuildFile; fileRef = ACC80D041BC9B08B00BA7229 /* AudioToolbox.framework */; };
		ACC80D081BC9B17900BA7229 /* GradientView.m in Sources */ = {isa = PBXBuildFile; fileRef = ACC80D071BC9B17900BA7229 /* GradientView.m */; };
/* End PBXBuildFile section */

/* Begin PBXContainerItemProxy section */
		68947C1B1D3165F3006857D7 /* PBXContainerItemProxy */ = {
			isa = PBXContainerItemProxy;
			containerPortal = AC1B01D71BC9A89200504FDE /* Project object */;
			proxyType = 1;
			remoteGlobalIDString = 68947C181D3165F3006857D7;
			remoteInfo = "VoiceWatch Extension";
		};
		68947C2C1D3165F3006857D7 /* PBXContainerItemProxy */ = {
			isa = PBXContainerItemProxy;
			containerPortal = AC1B01D71BC9A89200504FDE /* Project object */;
			proxyType = 1;
			remoteGlobalIDString = 68947C0C1D3165F2006857D7;
			remoteInfo = VoiceWatch;
		};
		AC1B01F91BC9A89200504FDE /* PBXContainerItemProxy */ = {
			isa = PBXContainerItemProxy;
			containerPortal = AC1B01D71BC9A89200504FDE /* Project object */;
			proxyType = 1;
			remoteGlobalIDString = AC1B01DE1BC9A89200504FDE;
			remoteInfo = Voicepedia;
		};
		AC1B02041BC9A89200504FDE /* PBXContainerItemProxy */ = {
			isa = PBXContainerItemProxy;
			containerPortal = AC1B01D71BC9A89200504FDE /* Project object */;
			proxyType = 1;
			remoteGlobalIDString = AC1B01DE1BC9A89200504FDE;
			remoteInfo = Voicepedia;
		};
/* End PBXContainerItemProxy section */

/* Begin PBXCopyFilesBuildPhase section */
		681821F41BEFE2D000251199 /* Embed Watch Content */ = {
			isa = PBXCopyFilesBuildPhase;
			buildActionMask = 2147483647;
			dstPath = "$(CONTENTS_FOLDER_PATH)/Watch";
			dstSubfolderSpec = 16;
			files = (
				68947C2E1D3165F3006857D7 /* VoiceWatch.app in Embed Watch Content */,
			);
			name = "Embed Watch Content";
			runOnlyForDeploymentPostprocessing = 0;
		};
		681822171BEFE2FC00251199 /* Embed App Extensions */ = {
			isa = PBXCopyFilesBuildPhase;
			buildActionMask = 2147483647;
			dstPath = "";
			dstSubfolderSpec = 13;
			files = (
			);
			name = "Embed App Extensions";
			runOnlyForDeploymentPostprocessing = 0;
		};
		68947C321D3165F3006857D7 /* Embed App Extensions */ = {
			isa = PBXCopyFilesBuildPhase;
			buildActionMask = 2147483647;
			dstPath = "";
			dstSubfolderSpec = 13;
			files = (
				68947C1A1D3165F3006857D7 /* VoiceWatch Extension.appex in Embed App Extensions */,
			);
			name = "Embed App Extensions";
			runOnlyForDeploymentPostprocessing = 0;
		};
/* End PBXCopyFilesBuildPhase section */

/* Begin PBXFileReference section */
		68947C0D1D3165F2006857D7 /* VoiceWatch.app */ = {isa = PBXFileReference; explicitFileType = wrapper.application; includeInIndex = 0; path = VoiceWatch.app; sourceTree = BUILT_PRODUCTS_DIR; };
		68947C101D3165F3006857D7 /* Base */ = {isa = PBXFileReference; lastKnownFileType = file.storyboard; name = Base; path = Base.lproj/Interface.storyboard; sourceTree = "<group>"; };
		68947C121D3165F3006857D7 /* Assets.xcassets */ = {isa = PBXFileReference; lastKnownFileType = folder.assetcatalog; path = Assets.xcassets; sourceTree = "<group>"; };
		68947C141D3165F3006857D7 /* Info.plist */ = {isa = PBXFileReference; lastKnownFileType = text.plist.xml; path = Info.plist; sourceTree = "<group>"; };
		68947C191D3165F3006857D7 /* VoiceWatch Extension.appex */ = {isa = PBXFileReference; explicitFileType = "wrapper.app-extension"; includeInIndex = 0; path = "VoiceWatch Extension.appex"; sourceTree = BUILT_PRODUCTS_DIR; };
		68947C1F1D3165F3006857D7 /* PushNotificationPayload.apns */ = {isa = PBXFileReference; lastKnownFileType = text; path = PushNotificationPayload.apns; sourceTree = "<group>"; };
		68947C201D3165F3006857D7 /* InterfaceController.h */ = {isa = PBXFileReference; lastKnownFileType = sourcecode.c.h; path = InterfaceController.h; sourceTree = "<group>"; };
		68947C211D3165F3006857D7 /* InterfaceController.m */ = {isa = PBXFileReference; lastKnownFileType = sourcecode.c.objc; path = InterfaceController.m; sourceTree = "<group>"; };
		68947C231D3165F3006857D7 /* ExtensionDelegate.h */ = {isa = PBXFileReference; lastKnownFileType = sourcecode.c.h; path = ExtensionDelegate.h; sourceTree = "<group>"; };
		68947C241D3165F3006857D7 /* ExtensionDelegate.m */ = {isa = PBXFileReference; lastKnownFileType = sourcecode.c.objc; path = ExtensionDelegate.m; sourceTree = "<group>"; };
		68947C261D3165F3006857D7 /* NotificationController.h */ = {isa = PBXFileReference; lastKnownFileType = sourcecode.c.h; path = NotificationController.h; sourceTree = "<group>"; };
		68947C271D3165F3006857D7 /* NotificationController.m */ = {isa = PBXFileReference; lastKnownFileType = sourcecode.c.objc; path = NotificationController.m; sourceTree = "<group>"; };
		68947C291D3165F3006857D7 /* Assets.xcassets */ = {isa = PBXFileReference; lastKnownFileType = folder.assetcatalog; path = Assets.xcassets; sourceTree = "<group>"; };
		68947C2B1D3165F3006857D7 /* Info.plist */ = {isa = PBXFileReference; lastKnownFileType = text.plist.xml; path = Info.plist; sourceTree = "<group>"; };
		68947C361D31662C006857D7 /* AVFoundation.framework */ = {isa = PBXFileReference; lastKnownFileType = wrapper.framework; name = AVFoundation.framework; path = Platforms/WatchOS.platform/Developer/SDKs/WatchOS3.0.sdk/System/Library/Frameworks/AVFoundation.framework; sourceTree = DEVELOPER_DIR; };
		68AC519F1BC9FD6F00159581 /* SpeechKit.framework */ = {isa = PBXFileReference; lastKnownFileType = wrapper.framework; path = SpeechKit.framework; sourceTree = "<group>"; };
		68ED773F1BC9FFA800248FCB /* SCSiriWaveformView.h */ = {isa = PBXFileReference; fileEncoding = 4; lastKnownFileType = sourcecode.c.h; path = SCSiriWaveformView.h; sourceTree = "<group>"; };
		68ED77401BC9FFA800248FCB /* SCSiriWaveformView.m */ = {isa = PBXFileReference; fileEncoding = 4; lastKnownFileType = sourcecode.c.objc; path = SCSiriWaveformView.m; sourceTree = "<group>"; };
		AC1B01DF1BC9A89200504FDE /* Voicepedia.app */ = {isa = PBXFileReference; explicitFileType = wrapper.application; includeInIndex = 0; path = Voicepedia.app; sourceTree = BUILT_PRODUCTS_DIR; };
		AC1B01E31BC9A89200504FDE /* main.m */ = {isa = PBXFileReference; lastKnownFileType = sourcecode.c.objc; path = main.m; sourceTree = "<group>"; };
		AC1B01E51BC9A89200504FDE /* AppDelegate.h */ = {isa = PBXFileReference; lastKnownFileType = sourcecode.c.h; path = AppDelegate.h; sourceTree = "<group>"; };
		AC1B01E61BC9A89200504FDE /* AppDelegate.m */ = {isa = PBXFileReference; lastKnownFileType = sourcecode.c.objc; path = AppDelegate.m; sourceTree = "<group>"; };
		AC1B01E81BC9A89200504FDE /* ViewController.h */ = {isa = PBXFileReference; lastKnownFileType = sourcecode.c.h; path = ViewController.h; sourceTree = "<group>"; };
		AC1B01E91BC9A89200504FDE /* ViewController.m */ = {isa = PBXFileReference; lastKnownFileType = sourcecode.c.objc; path = ViewController.m; sourceTree = "<group>"; };
		AC1B01EC1BC9A89200504FDE /* Base */ = {isa = PBXFileReference; lastKnownFileType = file.storyboard; name = Base; path = Base.lproj/Main.storyboard; sourceTree = "<group>"; };
		AC1B01EE1BC9A89200504FDE /* Assets.xcassets */ = {isa = PBXFileReference; lastKnownFileType = folder.assetcatalog; path = Assets.xcassets; sourceTree = "<group>"; };
		AC1B01F11BC9A89200504FDE /* Base */ = {isa = PBXFileReference; lastKnownFileType = file.storyboard; name = Base; path = Base.lproj/LaunchScreen.storyboard; sourceTree = "<group>"; };
		AC1B01F31BC9A89200504FDE /* Info.plist */ = {isa = PBXFileReference; lastKnownFileType = text.plist.xml; path = Info.plist; sourceTree = "<group>"; };
		AC1B01F81BC9A89200504FDE /* VoicepediaTests.xctest */ = {isa = PBXFileReference; explicitFileType = wrapper.cfbundle; includeInIndex = 0; path = VoicepediaTests.xctest; sourceTree = BUILT_PRODUCTS_DIR; };
		AC1B01FC1BC9A89200504FDE /* VoicepediaTests.m */ = {isa = PBXFileReference; lastKnownFileType = sourcecode.c.objc; path = VoicepediaTests.m; sourceTree = "<group>"; };
		AC1B01FE1BC9A89200504FDE /* Info.plist */ = {isa = PBXFileReference; lastKnownFileType = text.plist.xml; path = Info.plist; sourceTree = "<group>"; };
		AC1B02031BC9A89200504FDE /* VoicepediaUITests.xctest */ = {isa = PBXFileReference; explicitFileType = wrapper.cfbundle; includeInIndex = 0; path = VoicepediaUITests.xctest; sourceTree = BUILT_PRODUCTS_DIR; };
		AC1B02071BC9A89200504FDE /* VoicepediaUITests.m */ = {isa = PBXFileReference; lastKnownFileType = sourcecode.c.objc; path = VoicepediaUITests.m; sourceTree = "<group>"; };
		AC1B02091BC9A89200504FDE /* Info.plist */ = {isa = PBXFileReference; lastKnownFileType = text.plist.xml; path = Info.plist; sourceTree = "<group>"; };
		ACC80CFC1BC9B06400BA7229 /* AVFoundation.framework */ = {isa = PBXFileReference; lastKnownFileType = wrapper.framework; name = AVFoundation.framework; path = System/Library/Frameworks/AVFoundation.framework; sourceTree = SDKROOT; };
		ACC80CFE1BC9B06B00BA7229 /* CoreGraphics.framework */ = {isa = PBXFileReference; lastKnownFileType = wrapper.framework; name = CoreGraphics.framework; path = System/Library/Frameworks/CoreGraphics.framework; sourceTree = SDKROOT; };
		ACC80D001BC9B07000BA7229 /* QuartzCore.framework */ = {isa = PBXFileReference; lastKnownFileType = wrapper.framework; name = QuartzCore.framework; path = System/Library/Frameworks/QuartzCore.framework; sourceTree = SDKROOT; };
		ACC80D021BC9B07700BA7229 /* SystemConfiguration.framework */ = {isa = PBXFileReference; lastKnownFileType = wrapper.framework; name = SystemConfiguration.framework; path = System/Library/Frameworks/SystemConfiguration.framework; sourceTree = SDKROOT; };
		ACC80D041BC9B08B00BA7229 /* AudioToolbox.framework */ = {isa = PBXFileReference; lastKnownFileType = wrapper.framework; name = AudioToolbox.framework; path = System/Library/Frameworks/AudioToolbox.framework; sourceTree = SDKROOT; };
		ACC80D061BC9B17900BA7229 /* GradientView.h */ = {isa = PBXFileReference; fileEncoding = 4; lastKnownFileType = sourcecode.c.h; path = GradientView.h; sourceTree = "<group>"; };
		ACC80D071BC9B17900BA7229 /* GradientView.m */ = {isa = PBXFileReference; fileEncoding = 4; lastKnownFileType = sourcecode.c.objc; path = GradientView.m; sourceTree = "<group>"; };
/* End PBXFileReference section */

/* Begin PBXFrameworksBuildPhase section */
		68947C161D3165F3006857D7 /* Frameworks */ = {
			isa = PBXFrameworksBuildPhase;
			buildActionMask = 2147483647;
			files = (
				68947C371D31662C006857D7 /* AVFoundation.framework in Frameworks */,
			);
			runOnlyForDeploymentPostprocessing = 0;
		};
		AC1B01DC1BC9A89200504FDE /* Frameworks */ = {
			isa = PBXFrameworksBuildPhase;
			buildActionMask = 2147483647;
			files = (
				ACC80D051BC9B08B00BA7229 /* AudioToolbox.framework in Frameworks */,
				ACC80D031BC9B07700BA7229 /* SystemConfiguration.framework in Frameworks */,
				ACC80D011BC9B07000BA7229 /* QuartzCore.framework in Frameworks */,
				68AC51A01BC9FD6F00159581 /* SpeechKit.framework in Frameworks */,
				ACC80CFF1BC9B06B00BA7229 /* CoreGraphics.framework in Frameworks */,
				ACC80CFD1BC9B06400BA7229 /* AVFoundation.framework in Frameworks */,
			);
			runOnlyForDeploymentPostprocessing = 0;
		};
		AC1B01F51BC9A89200504FDE /* Frameworks */ = {
			isa = PBXFrameworksBuildPhase;
			buildActionMask = 2147483647;
			files = (
			);
			runOnlyForDeploymentPostprocessing = 0;
		};
		AC1B02001BC9A89200504FDE /* Frameworks */ = {
			isa = PBXFrameworksBuildPhase;
			buildActionMask = 2147483647;
			files = (
			);
			runOnlyForDeploymentPostprocessing = 0;
		};
/* End PBXFrameworksBuildPhase section */

/* Begin PBXGroup section */
		68947C0E1D3165F3006857D7 /* VoiceWatch */ = {
			isa = PBXGroup;
			children = (
				68947C0F1D3165F3006857D7 /* Interface.storyboard */,
				68947C121D3165F3006857D7 /* Assets.xcassets */,
				68947C141D3165F3006857D7 /* Info.plist */,
			);
			path = VoiceWatch;
			sourceTree = "<group>";
		};
		68947C1D1D3165F3006857D7 /* VoiceWatch Extension */ = {
			isa = PBXGroup;
			children = (
				68947C201D3165F3006857D7 /* InterfaceController.h */,
				68947C211D3165F3006857D7 /* InterfaceController.m */,
				68947C231D3165F3006857D7 /* ExtensionDelegate.h */,
				68947C241D3165F3006857D7 /* ExtensionDelegate.m */,
				68947C261D3165F3006857D7 /* NotificationController.h */,
				68947C271D3165F3006857D7 /* NotificationController.m */,
				68947C291D3165F3006857D7 /* Assets.xcassets */,
				68947C2B1D3165F3006857D7 /* Info.plist */,
				68947C1E1D3165F3006857D7 /* Supporting Files */,
			);
			path = "VoiceWatch Extension";
			sourceTree = "<group>";
		};
		68947C1E1D3165F3006857D7 /* Supporting Files */ = {
			isa = PBXGroup;
			children = (
				68947C1F1D3165F3006857D7 /* PushNotificationPayload.apns */,
			);
			name = "Supporting Files";
			sourceTree = "<group>";
		};
		68AC519E1BC9FBE800159581 /* Frameworks */ = {
			isa = PBXGroup;
			children = (
				68947C361D31662C006857D7 /* AVFoundation.framework */,
				68AC519F1BC9FD6F00159581 /* SpeechKit.framework */,
				ACC80D041BC9B08B00BA7229 /* AudioToolbox.framework */,
				ACC80D021BC9B07700BA7229 /* SystemConfiguration.framework */,
				ACC80D001BC9B07000BA7229 /* QuartzCore.framework */,
				ACC80CFE1BC9B06B00BA7229 /* CoreGraphics.framework */,
				ACC80CFC1BC9B06400BA7229 /* AVFoundation.framework */,
			);
			name = Frameworks;
			sourceTree = "<group>";
		};
		AC1B01D61BC9A89200504FDE = {
			isa = PBXGroup;
			children = (
				AC1B01E11BC9A89200504FDE /* Voicepedia */,
				AC1B01FB1BC9A89200504FDE /* VoicepediaTests */,
				AC1B02061BC9A89200504FDE /* VoicepediaUITests */,
				68947C0E1D3165F3006857D7 /* VoiceWatch */,
				68947C1D1D3165F3006857D7 /* VoiceWatch Extension */,
				AC1B01E01BC9A89200504FDE /* Products */,
				68AC519E1BC9FBE800159581 /* Frameworks */,
			);
			sourceTree = "<group>";
		};
		AC1B01E01BC9A89200504FDE /* Products */ = {
			isa = PBXGroup;
			children = (
				AC1B01DF1BC9A89200504FDE /* Voicepedia.app */,
				AC1B01F81BC9A89200504FDE /* VoicepediaTests.xctest */,
				AC1B02031BC9A89200504FDE /* VoicepediaUITests.xctest */,
				68947C0D1D3165F2006857D7 /* VoiceWatch.app */,
				68947C191D3165F3006857D7 /* VoiceWatch Extension.appex */,
			);
			name = Products;
			sourceTree = "<group>";
		};
		AC1B01E11BC9A89200504FDE /* Voicepedia */ = {
			isa = PBXGroup;
			children = (
				AC1B01E51BC9A89200504FDE /* AppDelegate.h */,
				AC1B01E61BC9A89200504FDE /* AppDelegate.m */,
				68ED773F1BC9FFA800248FCB /* SCSiriWaveformView.h */,
				68ED77401BC9FFA800248FCB /* SCSiriWaveformView.m */,
				AC1B01E81BC9A89200504FDE /* ViewController.h */,
				AC1B01E91BC9A89200504FDE /* ViewController.m */,
				ACC80D061BC9B17900BA7229 /* GradientView.h */,
				ACC80D071BC9B17900BA7229 /* GradientView.m */,
				AC1B01EB1BC9A89200504FDE /* Main.storyboard */,
				AC1B01EE1BC9A89200504FDE /* Assets.xcassets */,
				AC1B01F01BC9A89200504FDE /* LaunchScreen.storyboard */,
				AC1B01F31BC9A89200504FDE /* Info.plist */,
				AC1B01E21BC9A89200504FDE /* Supporting Files */,
			);
			path = Voicepedia;
			sourceTree = "<group>";
		};
		AC1B01E21BC9A89200504FDE /* Supporting Files */ = {
			isa = PBXGroup;
			children = (
				AC1B01E31BC9A89200504FDE /* main.m */,
			);
			name = "Supporting Files";
			sourceTree = "<group>";
		};
		AC1B01FB1BC9A89200504FDE /* VoicepediaTests */ = {
			isa = PBXGroup;
			children = (
				AC1B01FC1BC9A89200504FDE /* VoicepediaTests.m */,
				AC1B01FE1BC9A89200504FDE /* Info.plist */,
			);
			path = VoicepediaTests;
			sourceTree = "<group>";
		};
		AC1B02061BC9A89200504FDE /* VoicepediaUITests */ = {
			isa = PBXGroup;
			children = (
				AC1B02071BC9A89200504FDE /* VoicepediaUITests.m */,
				AC1B02091BC9A89200504FDE /* Info.plist */,
			);
			path = VoicepediaUITests;
			sourceTree = "<group>";
		};
/* End PBXGroup section */

/* Begin PBXNativeTarget section */
		68947C0C1D3165F2006857D7 /* VoiceWatch */ = {
			isa = PBXNativeTarget;
			buildConfigurationList = 68947C331D3165F3006857D7 /* Build configuration list for PBXNativeTarget "VoiceWatch" */;
			buildPhases = (
				68947C0B1D3165F2006857D7 /* Resources */,
				68947C321D3165F3006857D7 /* Embed App Extensions */,
			);
			buildRules = (
			);
			dependencies = (
				68947C1C1D3165F3006857D7 /* PBXTargetDependency */,
			);
			name = VoiceWatch;
			productName = VoiceWatch;
			productReference = 68947C0D1D3165F2006857D7 /* VoiceWatch.app */;
			productType = "com.apple.product-type.application.watchapp2";
		};
		68947C181D3165F3006857D7 /* VoiceWatch Extension */ = {
			isa = PBXNativeTarget;
			buildConfigurationList = 68947C2F1D3165F3006857D7 /* Build configuration list for PBXNativeTarget "VoiceWatch Extension" */;
			buildPhases = (
				68947C151D3165F3006857D7 /* Sources */,
				68947C161D3165F3006857D7 /* Frameworks */,
				68947C171D3165F3006857D7 /* Resources */,
			);
			buildRules = (
			);
			dependencies = (
			);
			name = "VoiceWatch Extension";
			productName = "VoiceWatch Extension";
			productReference = 68947C191D3165F3006857D7 /* VoiceWatch Extension.appex */;
			productType = "com.apple.product-type.watchkit2-extension";
		};
		AC1B01DE1BC9A89200504FDE /* Voicepedia */ = {
			isa = PBXNativeTarget;
			buildConfigurationList = AC1B020C1BC9A89200504FDE /* Build configuration list for PBXNativeTarget "Voicepedia" */;
			buildPhases = (
				AC1B01DB1BC9A89200504FDE /* Sources */,
				AC1B01DC1BC9A89200504FDE /* Frameworks */,
				AC1B01DD1BC9A89200504FDE /* Resources */,
				681821F41BEFE2D000251199 /* Embed Watch Content */,
				681822171BEFE2FC00251199 /* Embed App Extensions */,
			);
			buildRules = (
			);
			dependencies = (
				68947C2D1D3165F3006857D7 /* PBXTargetDependency */,
			);
			name = Voicepedia;
			productName = Voicepedia;
			productReference = AC1B01DF1BC9A89200504FDE /* Voicepedia.app */;
			productType = "com.apple.product-type.application";
		};
		AC1B01F71BC9A89200504FDE /* VoicepediaTests */ = {
			isa = PBXNativeTarget;
			buildConfigurationList = AC1B020F1BC9A89200504FDE /* Build configuration list for PBXNativeTarget "VoicepediaTests" */;
			buildPhases = (
				AC1B01F41BC9A89200504FDE /* Sources */,
				AC1B01F51BC9A89200504FDE /* Frameworks */,
				AC1B01F61BC9A89200504FDE /* Resources */,
			);
			buildRules = (
			);
			dependencies = (
				AC1B01FA1BC9A89200504FDE /* PBXTargetDependency */,
			);
			name = VoicepediaTests;
			productName = VoicepediaTests;
			productReference = AC1B01F81BC9A89200504FDE /* VoicepediaTests.xctest */;
			productType = "com.apple.product-type.bundle.unit-test";
		};
		AC1B02021BC9A89200504FDE /* VoicepediaUITests */ = {
			isa = PBXNativeTarget;
			buildConfigurationList = AC1B02121BC9A89200504FDE /* Build configuration list for PBXNativeTarget "VoicepediaUITests" */;
			buildPhases = (
				AC1B01FF1BC9A89200504FDE /* Sources */,
				AC1B02001BC9A89200504FDE /* Frameworks */,
				AC1B02011BC9A89200504FDE /* Resources */,
			);
			buildRules = (
			);
			dependencies = (
				AC1B02051BC9A89200504FDE /* PBXTargetDependency */,
			);
			name = VoicepediaUITests;
			productName = VoicepediaUITests;
			productReference = AC1B02031BC9A89200504FDE /* VoicepediaUITests.xctest */;
			productType = "com.apple.product-type.bundle.ui-testing";
		};
/* End PBXNativeTarget section */

/* Begin PBXProject section */
		AC1B01D71BC9A89200504FDE /* Project object */ = {
			isa = PBXProject;
			attributes = {
				LastUpgradeCheck = 0700;
				ORGANIZATIONNAME = "Michael Royzen";
				TargetAttributes = {
					68947C0C1D3165F2006857D7 = {
						CreatedOnToolsVersion = 8.0;
						DevelopmentTeam = NLW324UDS8;
						ProvisioningStyle = Manual;
					};
					68947C181D3165F3006857D7 = {
						CreatedOnToolsVersion = 8.0;
						DevelopmentTeam = 85Q84CPFAN;
						DevelopmentTeamName = "Banana Fudgkins";
						ProvisioningStyle = Manual;
					};
					AC1B01DE1BC9A89200504FDE = {
						CreatedOnToolsVersion = 7.0.1;
						DevelopmentTeam = NLW324UDS8;
						ProvisioningStyle = Manual;
						SystemCapabilities = {
							com.apple.BackgroundModes = {
								enabled = 0;
							};
						};
					};
					AC1B01F71BC9A89200504FDE = {
						CreatedOnToolsVersion = 7.0.1;
						TestTargetID = AC1B01DE1BC9A89200504FDE;
					};
					AC1B02021BC9A89200504FDE = {
						CreatedOnToolsVersion = 7.0.1;
						TestTargetID = AC1B01DE1BC9A89200504FDE;
					};
				};
			};
			buildConfigurationList = AC1B01DA1BC9A89200504FDE /* Build configuration list for PBXProject "Voicepedia" */;
			compatibilityVersion = "Xcode 3.2";
			developmentRegion = English;
			hasScannedForEncodings = 0;
			knownRegions = (
				en,
				Base,
			);
			mainGroup = AC1B01D61BC9A89200504FDE;
			productRefGroup = AC1B01E01BC9A89200504FDE /* Products */;
			projectDirPath = "";
			projectRoot = "";
			targets = (
				AC1B01DE1BC9A89200504FDE /* Voicepedia */,
				AC1B01F71BC9A89200504FDE /* VoicepediaTests */,
				AC1B02021BC9A89200504FDE /* VoicepediaUITests */,
				68947C0C1D3165F2006857D7 /* VoiceWatch */,
				68947C181D3165F3006857D7 /* VoiceWatch Extension */,
			);
		};
/* End PBXProject section */

/* Begin PBXResourcesBuildPhase section */
		68947C0B1D3165F2006857D7 /* Resources */ = {
			isa = PBXResourcesBuildPhase;
			buildActionMask = 2147483647;
			files = (
				68947C131D3165F3006857D7 /* Assets.xcassets in Resources */,
				68947C111D3165F3006857D7 /* Interface.storyboard in Resources */,
			);
			runOnlyForDeploymentPostprocessing = 0;
		};
		68947C171D3165F3006857D7 /* Resources */ = {
			isa = PBXResourcesBuildPhase;
			buildActionMask = 2147483647;
			files = (
				68947C2A1D3165F3006857D7 /* Assets.xcassets in Resources */,
			);
			runOnlyForDeploymentPostprocessing = 0;
		};
		AC1B01DD1BC9A89200504FDE /* Resources */ = {
			isa = PBXResourcesBuildPhase;
			buildActionMask = 2147483647;
			files = (
				AC1B01F21BC9A89200504FDE /* LaunchScreen.storyboard in Resources */,
				AC1B01EF1BC9A89200504FDE /* Assets.xcassets in Resources */,
				AC1B01ED1BC9A89200504FDE /* Main.storyboard in Resources */,
			);
			runOnlyForDeploymentPostprocessing = 0;
		};
		AC1B01F61BC9A89200504FDE /* Resources */ = {
			isa = PBXResourcesBuildPhase;
			buildActionMask = 2147483647;
			files = (
			);
			runOnlyForDeploymentPostprocessing = 0;
		};
		AC1B02011BC9A89200504FDE /* Resources */ = {
			isa = PBXResourcesBuildPhase;
			buildActionMask = 2147483647;
			files = (
			);
			runOnlyForDeploymentPostprocessing = 0;
		};
/* End PBXResourcesBuildPhase section */

/* Begin PBXSourcesBuildPhase section */
		68947C151D3165F3006857D7 /* Sources */ = {
			isa = PBXSourcesBuildPhase;
			buildActionMask = 2147483647;
			files = (
				68947C251D3165F3006857D7 /* ExtensionDelegate.m in Sources */,
				68947C221D3165F3006857D7 /* InterfaceController.m in Sources */,
				68947C281D3165F3006857D7 /* NotificationController.m in Sources */,
			);
			runOnlyForDeploymentPostprocessing = 0;
		};
		AC1B01DB1BC9A89200504FDE /* Sources */ = {
			isa = PBXSourcesBuildPhase;
			buildActionMask = 2147483647;
			files = (
				AC1B01EA1BC9A89200504FDE /* ViewController.m in Sources */,
				AC1B01E71BC9A89200504FDE /* AppDelegate.m in Sources */,
				ACC80D081BC9B17900BA7229 /* GradientView.m in Sources */,
				AC1B01E41BC9A89200504FDE /* main.m in Sources */,
				68ED77411BC9FFA800248FCB /* SCSiriWaveformView.m in Sources */,
			);
			runOnlyForDeploymentPostprocessing = 0;
		};
		AC1B01F41BC9A89200504FDE /* Sources */ = {
			isa = PBXSourcesBuildPhase;
			buildActionMask = 2147483647;
			files = (
				AC1B01FD1BC9A89200504FDE /* VoicepediaTests.m in Sources */,
			);
			runOnlyForDeploymentPostprocessing = 0;
		};
		AC1B01FF1BC9A89200504FDE /* Sources */ = {
			isa = PBXSourcesBuildPhase;
			buildActionMask = 2147483647;
			files = (
				AC1B02081BC9A89200504FDE /* VoicepediaUITests.m in Sources */,
			);
			runOnlyForDeploymentPostprocessing = 0;
		};
/* End PBXSourcesBuildPhase section */

/* Begin PBXTargetDependency section */
		68947C1C1D3165F3006857D7 /* PBXTargetDependency */ = {
			isa = PBXTargetDependency;
			target = 68947C181D3165F3006857D7 /* VoiceWatch Extension */;
			targetProxy = 68947C1B1D3165F3006857D7 /* PBXContainerItemProxy */;
		};
		68947C2D1D3165F3006857D7 /* PBXTargetDependency */ = {
			isa = PBXTargetDependency;
			target = 68947C0C1D3165F2006857D7 /* VoiceWatch */;
			targetProxy = 68947C2C1D3165F3006857D7 /* PBXContainerItemProxy */;
		};
		AC1B01FA1BC9A89200504FDE /* PBXTargetDependency */ = {
			isa = PBXTargetDependency;
			target = AC1B01DE1BC9A89200504FDE /* Voicepedia */;
			targetProxy = AC1B01F91BC9A89200504FDE /* PBXContainerItemProxy */;
		};
		AC1B02051BC9A89200504FDE /* PBXTargetDependency */ = {
			isa = PBXTargetDependency;
			target = AC1B01DE1BC9A89200504FDE /* Voicepedia */;
			targetProxy = AC1B02041BC9A89200504FDE /* PBXContainerItemProxy */;
		};
/* End PBXTargetDependency section */

/* Begin PBXVariantGroup section */
		68947C0F1D3165F3006857D7 /* Interface.storyboard */ = {
			isa = PBXVariantGroup;
			children = (
				68947C101D3165F3006857D7 /* Base */,
			);
			name = Interface.storyboard;
			sourceTree = "<group>";
		};
		AC1B01EB1BC9A89200504FDE /* Main.storyboard */ = {
			isa = PBXVariantGroup;
			children = (
				AC1B01EC1BC9A89200504FDE /* Base */,
			);
			name = Main.storyboard;
			sourceTree = "<group>";
		};
		AC1B01F01BC9A89200504FDE /* LaunchScreen.storyboard */ = {
			isa = PBXVariantGroup;
			children = (
				AC1B01F11BC9A89200504FDE /* Base */,
			);
			name = LaunchScreen.storyboard;
			sourceTree = "<group>";
		};
/* End PBXVariantGroup section */

/* Begin XCBuildConfiguration section */
		68947C301D3165F3006857D7 /* Debug */ = {
			isa = XCBuildConfiguration;
			buildSettings = {
				ASSETCATALOG_COMPILER_COMPLICATION_NAME = Complication;
				CLANG_ANALYZER_NONNULL = YES;
				CLANG_WARN_DOCUMENTATION_COMMENTS = YES;
				INFOPLIST_FILE = "VoiceWatch Extension/Info.plist";
				LD_RUNPATH_SEARCH_PATHS = "$(inherited) @executable_path/Frameworks @executable_path/../../Frameworks";
				PRODUCT_BUNDLE_IDENTIFIER = com.mlabtechnologies.voicepedia.watchkitapp.watchkitextension;
				PRODUCT_NAME = "${TARGET_NAME}";
				SDKROOT = watchos;
				SKIP_INSTALL = YES;
				TARGETED_DEVICE_FAMILY = 4;
				WATCHOS_DEPLOYMENT_TARGET = 3.0;
			};
			name = Debug;
		};
		68947C311D3165F3006857D7 /* Release */ = {
			isa = XCBuildConfiguration;
			buildSettings = {
				ASSETCATALOG_COMPILER_COMPLICATION_NAME = Complication;
				CLANG_ANALYZER_NONNULL = YES;
				CLANG_WARN_DOCUMENTATION_COMMENTS = YES;
				INFOPLIST_FILE = "VoiceWatch Extension/Info.plist";
				LD_RUNPATH_SEARCH_PATHS = "$(inherited) @executable_path/Frameworks @executable_path/../../Frameworks";
				PRODUCT_BUNDLE_IDENTIFIER = com.mlabtechnologies.voicepedia.watchkitapp.watchkitextension;
				PRODUCT_NAME = "${TARGET_NAME}";
				SDKROOT = watchos;
				SKIP_INSTALL = YES;
				TARGETED_DEVICE_FAMILY = 4;
				WATCHOS_DEPLOYMENT_TARGET = 3.0;
			};
			name = Release;
		};
		68947C341D3165F3006857D7 /* Debug */ = {
			isa = XCBuildConfiguration;
			buildSettings = {
				ASSETCATALOG_COMPILER_APPICON_NAME = AppIcon;
				CLANG_ANALYZER_NONNULL = YES;
				CLANG_WARN_DOCUMENTATION_COMMENTS = YES;
				CODE_SIGN_IDENTITY = "iPhone Developer";
				"CODE_SIGN_IDENTITY[sdk=iphoneos*]" = "iPhone Developer";
				IBSC_MODULE = VoiceWatch_Extension;
				INFOPLIST_FILE = VoiceWatch/Info.plist;
				PRODUCT_BUNDLE_IDENTIFIER = com.mlabtechnologies.voicepedia.watchkitapp;
				PRODUCT_NAME = "$(TARGET_NAME)";
				SDKROOT = watchos;
				SKIP_INSTALL = YES;
				TARGETED_DEVICE_FAMILY = 4;
				WATCHOS_DEPLOYMENT_TARGET = 3.0;
			};
			name = Debug;
		};
		68947C351D3165F3006857D7 /* Release */ = {
			isa = XCBuildConfiguration;
			buildSettings = {
				ASSETCATALOG_COMPILER_APPICON_NAME = AppIcon;
				CLANG_ANALYZER_NONNULL = YES;
				CLANG_WARN_DOCUMENTATION_COMMENTS = YES;
				CODE_SIGN_IDENTITY = "iPhone Developer";
				"CODE_SIGN_IDENTITY[sdk=iphoneos*]" = "iPhone Developer";
				IBSC_MODULE = VoiceWatch_Extension;
				INFOPLIST_FILE = VoiceWatch/Info.plist;
				PRODUCT_BUNDLE_IDENTIFIER = com.mlabtechnologies.voicepedia.watchkitapp;
				PRODUCT_NAME = "$(TARGET_NAME)";
				SDKROOT = watchos;
				SKIP_INSTALL = YES;
				TARGETED_DEVICE_FAMILY = 4;
				WATCHOS_DEPLOYMENT_TARGET = 3.0;
			};
			name = Release;
		};
		AC1B020A1BC9A89200504FDE /* Debug */ = {
			isa = XCBuildConfiguration;
			buildSettings = {
				ALWAYS_SEARCH_USER_PATHS = NO;
				CLANG_CXX_LANGUAGE_STANDARD = "gnu++0x";
				CLANG_CXX_LIBRARY = "libc++";
				CLANG_ENABLE_MODULES = YES;
				CLANG_ENABLE_OBJC_ARC = YES;
				CLANG_WARN_BOOL_CONVERSION = YES;
				CLANG_WARN_CONSTANT_CONVERSION = YES;
				CLANG_WARN_DIRECT_OBJC_ISA_USAGE = YES_ERROR;
				CLANG_WARN_EMPTY_BODY = YES;
				CLANG_WARN_ENUM_CONVERSION = YES;
				CLANG_WARN_INT_CONVERSION = YES;
				CLANG_WARN_OBJC_ROOT_CLASS = YES_ERROR;
				CLANG_WARN_UNREACHABLE_CODE = YES;
				CLANG_WARN__DUPLICATE_METHOD_MATCH = YES;
				"CODE_SIGN_IDENTITY[sdk=iphoneos*]" = "iPhone Developer";
				COPY_PHASE_STRIP = NO;
				DEBUG_INFORMATION_FORMAT = dwarf;
				ENABLE_STRICT_OBJC_MSGSEND = YES;
				ENABLE_TESTABILITY = YES;
				GCC_C_LANGUAGE_STANDARD = gnu99;
				GCC_DYNAMIC_NO_PIC = NO;
				GCC_NO_COMMON_BLOCKS = YES;
				GCC_OPTIMIZATION_LEVEL = 0;
				GCC_PREPROCESSOR_DEFINITIONS = (
					"DEBUG=1",
					"$(inherited)",
				);
				GCC_WARN_64_TO_32_BIT_CONVERSION = YES;
				GCC_WARN_ABOUT_RETURN_TYPE = YES_ERROR;
				GCC_WARN_UNDECLARED_SELECTOR = YES;
				GCC_WARN_UNINITIALIZED_AUTOS = YES_AGGRESSIVE;
				GCC_WARN_UNUSED_FUNCTION = YES;
				GCC_WARN_UNUSED_VARIABLE = YES;
				IPHONEOS_DEPLOYMENT_TARGET = 9.0;
				MTL_ENABLE_DEBUG_INFO = YES;
				ONLY_ACTIVE_ARCH = YES;
				SDKROOT = iphoneos;
			};
			name = Debug;
		};
		AC1B020B1BC9A89200504FDE /* Release */ = {
			isa = XCBuildConfiguration;
			buildSettings = {
				ALWAYS_SEARCH_USER_PATHS = NO;
				CLANG_CXX_LANGUAGE_STANDARD = "gnu++0x";
				CLANG_CXX_LIBRARY = "libc++";
				CLANG_ENABLE_MODULES = YES;
				CLANG_ENABLE_OBJC_ARC = YES;
				CLANG_WARN_BOOL_CONVERSION = YES;
				CLANG_WARN_CONSTANT_CONVERSION = YES;
				CLANG_WARN_DIRECT_OBJC_ISA_USAGE = YES_ERROR;
				CLANG_WARN_EMPTY_BODY = YES;
				CLANG_WARN_ENUM_CONVERSION = YES;
				CLANG_WARN_INT_CONVERSION = YES;
				CLANG_WARN_OBJC_ROOT_CLASS = YES_ERROR;
				CLANG_WARN_UNREACHABLE_CODE = YES;
				CLANG_WARN__DUPLICATE_METHOD_MATCH = YES;
				"CODE_SIGN_IDENTITY[sdk=iphoneos*]" = "iPhone Developer";
				COPY_PHASE_STRIP = NO;
				DEBUG_INFORMATION_FORMAT = "dwarf-with-dsym";
				ENABLE_NS_ASSERTIONS = NO;
				ENABLE_STRICT_OBJC_MSGSEND = YES;
				GCC_C_LANGUAGE_STANDARD = gnu99;
				GCC_NO_COMMON_BLOCKS = YES;
				GCC_WARN_64_TO_32_BIT_CONVERSION = YES;
				GCC_WARN_ABOUT_RETURN_TYPE = YES_ERROR;
				GCC_WARN_UNDECLARED_SELECTOR = YES;
				GCC_WARN_UNINITIALIZED_AUTOS = YES_AGGRESSIVE;
				GCC_WARN_UNUSED_FUNCTION = YES;
				GCC_WARN_UNUSED_VARIABLE = YES;
				IPHONEOS_DEPLOYMENT_TARGET = 9.0;
				MTL_ENABLE_DEBUG_INFO = NO;
				SDKROOT = iphoneos;
				VALIDATE_PRODUCT = YES;
			};
			name = Release;
		};
		AC1B020D1BC9A89200504FDE /* Debug */ = {
			isa = XCBuildConfiguration;
			buildSettings = {
				ASSETCATALOG_COMPILER_APPICON_NAME = "AppIcon-1";
				CODE_SIGN_IDENTITY = "iPhone Developer";
				"CODE_SIGN_IDENTITY[sdk=iphoneos*]" = "iPhone Developer";
				ENABLE_BITCODE = NO;
				FRAMEWORK_SEARCH_PATHS = (
					"$(inherited)",
					"$(PROJECT_DIR)",
				);
				INFOPLIST_FILE = Voicepedia/Info.plist;
				IPHONEOS_DEPLOYMENT_TARGET = 8.0;
				LD_RUNPATH_SEARCH_PATHS = "$(inherited) @executable_path/Frameworks";
				PRODUCT_BUNDLE_IDENTIFIER = com.mlabtechnologies.voicepedia;
				PRODUCT_NAME = "$(TARGET_NAME)";
				PROVISIONING_PROFILE = "";
				TARGETED_DEVICE_FAMILY = 1;
			};
			name = Debug;
		};
		AC1B020E1BC9A89200504FDE /* Release */ = {
			isa = XCBuildConfiguration;
			buildSettings = {
				ASSETCATALOG_COMPILER_APPICON_NAME = "AppIcon-1";
				CODE_SIGN_IDENTITY = "iPhone Developer";
				"CODE_SIGN_IDENTITY[sdk=iphoneos*]" = "iPhone Developer";
				ENABLE_BITCODE = NO;
				FRAMEWORK_SEARCH_PATHS = (
					"$(inherited)",
					"$(PROJECT_DIR)",
				);
				INFOPLIST_FILE = Voicepedia/Info.plist;
				IPHONEOS_DEPLOYMENT_TARGET = 8.0;
				LD_RUNPATH_SEARCH_PATHS = "$(inherited) @executable_path/Frameworks";
				PRODUCT_BUNDLE_IDENTIFIER = com.mlabtechnologies.voicepedia;
				PRODUCT_NAME = "$(TARGET_NAME)";
				PROVISIONING_PROFILE = "";
				TARGETED_DEVICE_FAMILY = 1;
			};
			name = Release;
		};
		AC1B02101BC9A89200504FDE /* Debug */ = {
			isa = XCBuildConfiguration;
			buildSettings = {
				BUNDLE_LOADER = "$(TEST_HOST)";
				INFOPLIST_FILE = VoicepediaTests/Info.plist;
				LD_RUNPATH_SEARCH_PATHS = "$(inherited) @executable_path/Frameworks @loader_path/Frameworks";
				PRODUCT_BUNDLE_IDENTIFIER = "Mlab-Technologies.VoicepediaTests";
				PRODUCT_NAME = "$(TARGET_NAME)";
				TEST_HOST = "$(BUILT_PRODUCTS_DIR)/Voicepedia.app/Voicepedia";
			};
			name = Debug;
		};
		AC1B02111BC9A89200504FDE /* Release */ = {
			isa = XCBuildConfiguration;
			buildSettings = {
				BUNDLE_LOADER = "$(TEST_HOST)";
				INFOPLIST_FILE = VoicepediaTests/Info.plist;
				LD_RUNPATH_SEARCH_PATHS = "$(inherited) @executable_path/Frameworks @loader_path/Frameworks";
				PRODUCT_BUNDLE_IDENTIFIER = "Mlab-Technologies.VoicepediaTests";
				PRODUCT_NAME = "$(TARGET_NAME)";
				TEST_HOST = "$(BUILT_PRODUCTS_DIR)/Voicepedia.app/Voicepedia";
			};
			name = Release;
		};
		AC1B02131BC9A89200504FDE /* Debug */ = {
			isa = XCBuildConfiguration;
			buildSettings = {
				INFOPLIST_FILE = VoicepediaUITests/Info.plist;
				LD_RUNPATH_SEARCH_PATHS = "$(inherited) @executable_path/Frameworks @loader_path/Frameworks";
				PRODUCT_BUNDLE_IDENTIFIER = "Mlab-Technologies.VoicepediaUITests";
				PRODUCT_NAME = "$(TARGET_NAME)";
				TEST_TARGET_NAME = Voicepedia;
				USES_XCTRUNNER = YES;
			};
			name = Debug;
		};
		AC1B02141BC9A89200504FDE /* Release */ = {
			isa = XCBuildConfiguration;
			buildSettings = {
				INFOPLIST_FILE = VoicepediaUITests/Info.plist;
				LD_RUNPATH_SEARCH_PATHS = "$(inherited) @executable_path/Frameworks @loader_path/Frameworks";
				PRODUCT_BUNDLE_IDENTIFIER = "Mlab-Technologies.VoicepediaUITests";
				PRODUCT_NAME = "$(TARGET_NAME)";
				TEST_TARGET_NAME = Voicepedia;
				USES_XCTRUNNER = YES;
			};
			name = Release;
		};
/* End XCBuildConfiguration section */

/* Begin XCConfigurationList section */
		68947C2F1D3165F3006857D7 /* Build configuration list for PBXNativeTarget "VoiceWatch Extension" */ = {
			isa = XCConfigurationList;
			buildConfigurations = (
				68947C301D3165F3006857D7 /* Debug */,
				68947C311D3165F3006857D7 /* Release */,
			);
			defaultConfigurationIsVisible = 0;
		};
		68947C331D3165F3006857D7 /* Build configuration list for PBXNativeTarget "VoiceWatch" */ = {
			isa = XCConfigurationList;
			buildConfigurations = (
				68947C341D3165F3006857D7 /* Debug */,
				68947C351D3165F3006857D7 /* Release */,
			);
			defaultConfigurationIsVisible = 0;
		};
		AC1B01DA1BC9A89200504FDE /* Build configuration list for PBXProject "Voicepedia" */ = {
			isa = XCConfigurationList;
			buildConfigurations = (
				AC1B020A1BC9A89200504FDE /* Debug */,
				AC1B020B1BC9A89200504FDE /* Release */,
			);
			defaultConfigurationIsVisible = 0;
			defaultConfigurationName = Release;
		};
		AC1B020C1BC9A89200504FDE /* Build configuration list for PBXNativeTarget "Voicepedia" */ = {
			isa = XCConfigurationList;
			buildConfigurations = (
				AC1B020D1BC9A89200504FDE /* Debug */,
				AC1B020E1BC9A89200504FDE /* Release */,
			);
			defaultConfigurationIsVisible = 0;
			defaultConfigurationName = Release;
		};
		AC1B020F1BC9A89200504FDE /* Build configuration list for PBXNativeTarget "VoicepediaTests" */ = {
			isa = XCConfigurationList;
			buildConfigurations = (
				AC1B02101BC9A89200504FDE /* Debug */,
				AC1B02111BC9A89200504FDE /* Release */,
			);
			defaultConfigurationIsVisible = 0;
			defaultConfigurationName = Release;
		};
		AC1B02121BC9A89200504FDE /* Build configuration list for PBXNativeTarget "VoicepediaUITests" */ = {
			isa = XCConfigurationList;
			buildConfigurations = (
				AC1B02131BC9A89200504FDE /* Debug */,
				AC1B02141BC9A89200504FDE /* Release */,
			);
			defaultConfigurationIsVisible = 0;
			defaultConfigurationName = Release;
		};
/* End XCConfigurationList section */
	};
	rootObject = AC1B01D71BC9A89200504FDE /* Project object */;
}
